// !$*UTF8*$!
{
	archiveVersion = 1;
	classes = {
	};
	objectVersion = 60;
	objects = {

/* Begin PBXBuildFile section */
		5699532872F14F318BCED8CE /* CollectionBuilderViewModel.swift in Sources */ = {isa = PBXBuildFile; fileRef = F7432AE5D710401797665C14 /* CollectionBuilderViewModel.swift */; };
		6F6E7F6F2C4A9B0500AA00AA /* AudiobookPlayerApp.swift in Sources */ = {isa = PBXBuildFile; fileRef = 6F6E7F6E2C4A9B0500AA00AA /* AudiobookPlayerApp.swift */; };
		6F6E7F6F2C4A9B0500AA00AB /* BaiduOAuth.swift in Sources */ = {isa = PBXBuildFile; fileRef = 6F6E7F6E2C4A9B0500AA00AB /* BaiduOAuth.swift */; };
		6F6E7F712C4A9B0500AA00AA /* ContentView.swift in Sources */ = {isa = PBXBuildFile; fileRef = 6F6E7F702C4A9B0500AA00AA /* ContentView.swift */; };
		6F6E7F712C4A9B0500AA00AB /* BaiduAuthViewModel.swift in Sources */ = {isa = PBXBuildFile; fileRef = 6F6E7F702C4A9B0500AA00AB /* BaiduAuthViewModel.swift */; };
		6F6E7F732C4A9B0500AA00AA /* AudioPlayerViewModel.swift in Sources */ = {isa = PBXBuildFile; fileRef = 6F6E7F722C4A9B0500AA00AA /* AudioPlayerViewModel.swift */; };
		6F6E7F792C4A9B0500AA00AA /* AVFoundation.framework in Frameworks */ = {isa = PBXBuildFile; fileRef = 6F6E7F782C4A9B0500AA00AA /* AVFoundation.framework */; };
		6F6E7F7A2C4A9B0500AA00AA /* Assets.xcassets in Resources */ = {isa = PBXBuildFile; fileRef = 6F6E7F742C4A9B0500AA00AA /* Assets.xcassets */; };
		6F6E7F7B2C4A9B0500AA00AA /* Preview Assets.xcassets in Resources */ = {isa = PBXBuildFile; fileRef = 6F6E7F762C4A9B0500AA00AA /* Preview Assets.xcassets */; };
		6F99A0012C4C200000AA00AA /* BaiduTokenStore.swift in Sources */ = {isa = PBXBuildFile; fileRef = 6F99A0002C4C200000AA00AA /* BaiduTokenStore.swift */; };
		6F99A0032C4C200000AA00AA /* BaiduNetdiskClient.swift in Sources */ = {isa = PBXBuildFile; fileRef = 6F99A0022C4C200000AA00AA /* BaiduNetdiskClient.swift */; };
		6F99A0052C4C200000AA00AA /* BaiduNetdiskBrowserViewModel.swift in Sources */ = {isa = PBXBuildFile; fileRef = 6F99A0042C4C200000AA00AA /* BaiduNetdiskBrowserViewModel.swift */; };
		6F99A0072C4C200000AA00AA /* BaiduNetdiskBrowserView.swift in Sources */ = {isa = PBXBuildFile; fileRef = 6F99A0062C4C200000AA00AA /* BaiduNetdiskBrowserView.swift */; };
		6FC010012C5B0C0000AA00AA /* LibraryModels.swift in Sources */ = {isa = PBXBuildFile; fileRef = 6FC010002C5B0C0000AA00AA /* LibraryModels.swift */; };
		6FC010032C5B0C0000AA00AA /* LibraryStore.swift in Sources */ = {isa = PBXBuildFile; fileRef = 6FC010022C5B0C0000AA00AA /* LibraryStore.swift */; };
		6FC010052C5B0C0000AA00AA /* LibraryView.swift in Sources */ = {isa = PBXBuildFile; fileRef = 6FC010042C5B0C0000AA00AA /* LibraryView.swift */; };
		6FC010072C5B0C0000AA00AA /* SourcesView.swift in Sources */ = {isa = PBXBuildFile; fileRef = 6FC010062C5B0C0000AA00AA /* SourcesView.swift */; };
		6FC010092C5B0C0000AA00AA /* CollectionDetailView.swift in Sources */ = {isa = PBXBuildFile; fileRef = 6FC010082C5B0C0000AA00AA /* CollectionDetailView.swift */; };
		6FC0100B2C5B0C0000AA00AA /* TrackPickerView.swift in Sources */ = {isa = PBXBuildFile; fileRef = 6FC0100A2C5B0C0000AA00AA /* TrackPickerView.swift */; };
		6FC0101C2C5B0C0000AA00AA /* CloudKitLibrarySync.swift in Sources */ = {isa = PBXBuildFile; fileRef = 6FC0101B2C5B0C0000AA00AA /* CloudKitLibrarySync.swift */; };
		6FC0200D2C5B0C0000AA00AA /* Localizable.strings in Resources */ = {isa = PBXBuildFile; fileRef = 6FC0200A2C5B0C0000AA00AA /* Localizable.strings */; };
		6FD0A0022C5B0C0000AA00AB /* AudioCacheManager.swift in Sources */ = {isa = PBXBuildFile; fileRef = 6FD0A0012C5B0C0000AA00AB /* AudioCacheManager.swift */; };
		6FD0A0042C5B0C0000AA00AB /* CachedAudioAsset.swift in Sources */ = {isa = PBXBuildFile; fileRef = 6FD0A0032C5B0C0000AA00AB /* CachedAudioAsset.swift */; };
		8617DDE82EBE0A26006E7CA7 /* Localizable.xcstrings in Resources */ = {isa = PBXBuildFile; fileRef = 8617DDE22EBE0A26006E7CA7 /* Localizable.xcstrings */; };
		8617DDE92EBE0A26006E7CA7 /* DatabaseConfig.swift in Sources */ = {isa = PBXBuildFile; fileRef = 8617DDDF2EBE0A26006E7CA7 /* DatabaseConfig.swift */; };
		8617DDEA2EBE0A26006E7CA7 /* AIGatewayClient.swift in Sources */ = {isa = PBXBuildFile; fileRef = 8617DDD92EBE0A26006E7CA7 /* AIGatewayClient.swift */; };
		8617DDEB2EBE0A26006E7CA7 /* BackgroundTranscriptionManager.swift in Sources */ = {isa = PBXBuildFile; fileRef = 8617DDDE2EBE0A26006E7CA7 /* BackgroundTranscriptionManager.swift */; };
		8617DDEC2EBE0A26006E7CA7 /* TranscriptionDatabaseSchema.swift in Sources */ = {isa = PBXBuildFile; fileRef = 8617DDE42EBE0A26006E7CA7 /* TranscriptionDatabaseSchema.swift */; };
		8617DDED2EBE0A26006E7CA7 /* AIGatewayKeychainStore.swift in Sources */ = {isa = PBXBuildFile; fileRef = 8617DDDA2EBE0A26006E7CA7 /* AIGatewayKeychainStore.swift */; };
		8617DDEE2EBE0A26006E7CA7 /* SonioxAPI.swift in Sources */ = {isa = PBXBuildFile; fileRef = 8617DDE32EBE0A26006E7CA7 /* SonioxAPI.swift */; };
		8617DDEF2EBE0A26006E7CA7 /* AITabView.swift in Sources */ = {isa = PBXBuildFile; fileRef = 8617DDDD2EBE0A26006E7CA7 /* AITabView.swift */; };
		8617DDF02EBE0A26006E7CA7 /* TranscriptionSheet.swift in Sources */ = {isa = PBXBuildFile; fileRef = 8617DDE62EBE0A26006E7CA7 /* TranscriptionSheet.swift */; };
		8617DDF12EBE0A26006E7CA7 /* TranscriptModels.swift in Sources */ = {isa = PBXBuildFile; fileRef = 8617DDE72EBE0A26006E7CA7 /* TranscriptModels.swift */; };
		8617DDF22EBE0A26006E7CA7 /* GRDBDatabaseManager.swift in Sources */ = {isa = PBXBuildFile; fileRef = 8617DDE12EBE0A26006E7CA7 /* GRDBDatabaseManager.swift */; };
		8617DDF32EBE0A26006E7CA7 /* AIGatewayModels.swift in Sources */ = {isa = PBXBuildFile; fileRef = 8617DDDB2EBE0A26006E7CA7 /* AIGatewayModels.swift */; };
		8617DDF42EBE0A26006E7CA7 /* DatabaseSchema.swift in Sources */ = {isa = PBXBuildFile; fileRef = 8617DDE02EBE0A26006E7CA7 /* DatabaseSchema.swift */; };
		8617DDF52EBE0A26006E7CA7 /* TranscriptionManager.swift in Sources */ = {isa = PBXBuildFile; fileRef = 8617DDE52EBE0A26006E7CA7 /* TranscriptionManager.swift */; };
		8617DDF62EBE0A26006E7CA7 /* AIGatewayViewModel.swift in Sources */ = {isa = PBXBuildFile; fileRef = 8617DDDC2EBE0A26006E7CA7 /* AIGatewayViewModel.swift */; };
		8637370F2EBCF7120002CD46 /* GRDB in Frameworks */ = {isa = PBXBuildFile; productRef = 8637370E2EBCF7120002CD46 /* GRDB */; };
		8685F3602EBE17D6003D8173 /* SonioxKeychainStore.swift in Sources */ = {isa = PBXBuildFile; fileRef = 8685F35E2EBE17D5003D8173 /* SonioxKeychainStore.swift */; };
		8685F3612EBE17D6003D8173 /* SonioxKeyViewModel.swift in Sources */ = {isa = PBXBuildFile; fileRef = 8685F35F2EBE17D5003D8173 /* SonioxKeyViewModel.swift */; };
		8685F3632EBE204F003D8173 /* TemporaryPlaybackContext.swift in Sources */ = {isa = PBXBuildFile; fileRef = 8685F3622EBE204F003D8173 /* TemporaryPlaybackContext.swift */; };
		8685F3692EBF3607003D8173 /* TranscriptionProgressOverlay.swift in Sources */ = {isa = PBXBuildFile; fileRef = 8685F3652EBF3607003D8173 /* TranscriptionProgressOverlay.swift */; };
		8685F36A2EBF3607003D8173 /* TranscriptViewerSheet.swift in Sources */ = {isa = PBXBuildFile; fileRef = 8685F3672EBF3607003D8173 /* TranscriptViewerSheet.swift */; };
		8685F36B2EBF3607003D8173 /* TranscriptionRetryManager.swift in Sources */ = {isa = PBXBuildFile; fileRef = 8685F3662EBF3607003D8173 /* TranscriptionRetryManager.swift */; };
		8685F36C2EBF3607003D8173 /* TranscriptionJobManager.swift in Sources */ = {isa = PBXBuildFile; fileRef = 8685F3642EBF3607003D8173 /* TranscriptionJobManager.swift */; };
		8685F36D2EBF3607003D8173 /* TranscriptViewModel.swift in Sources */ = {isa = PBXBuildFile; fileRef = 8685F3682EBF3607003D8173 /* TranscriptViewModel.swift */; };
		8685F36F2EBF3813003D8173 /* AITabView.swift in Sources */ = {isa = PBXBuildFile; fileRef = 8685F36E2EBF3813003D8173 /* AITabView.swift */; };
		86AD83AC2EB9AD5200FAB6DF /* CacheProgressTracker.swift in Sources */ = {isa = PBXBuildFile; fileRef = 86AD83AB2EB9AD5100FAB6DF /* CacheProgressTracker.swift */; };
		86AD83AD2EB9AD5200FAB6DF /* AudioCacheDownloadManager.swift in Sources */ = {isa = PBXBuildFile; fileRef = 86AD83AA2EB9AD5100FAB6DF /* AudioCacheDownloadManager.swift */; };
		86FE17562EBFC7F200027E93 /* test-1min.mp3 in Resources */ = {isa = PBXBuildFile; fileRef = 86FE17552EBFC7F200027E93 /* test-1min.mp3 */; };
		8E29594F1DFC4DD3BDB9C297 /* AudiobookPlayer/DatabaseSchema.swift in Sources */ = {isa = PBXBuildFile; fileRef = 599C0102E5CE40F89A991FD2 /* AudiobookPlayer/DatabaseSchema.swift */; };
		9AA2D81AAF724F08916ACE38 /* AudiobookPlayer/GRDBDatabaseManager.swift in Sources */ = {isa = PBXBuildFile; fileRef = 17A3EA38DA804EB5B27139AA /* AudiobookPlayer/GRDBDatabaseManager.swift */; };
		A1B2C3D52FEB123400000001 /* FavoriteToggleButton.swift in Sources */ = {isa = PBXBuildFile; fileRef = A1B2C3D42FEB123400000001 /* FavoriteToggleButton.swift */; };
		A1B2C3D72FEB123400000002 /* FavoriteTracksView.swift in Sources */ = {isa = PBXBuildFile; fileRef = A1B2C3D62FEB123400000002 /* FavoriteTracksView.swift */; };
		C0E7E438067149FBAA94ECEA /* AudiobookPlayer/DatabaseConfig.swift in Sources */ = {isa = PBXBuildFile; fileRef = 375BFCDDA1EF440F8C3033E5 /* AudiobookPlayer/DatabaseConfig.swift */; };
		E348980BBC3F438AA2C8C842 /* CreateCollectionView.swift in Sources */ = {isa = PBXBuildFile; fileRef = 2B0FA3F1E49445F18F94583C /* CreateCollectionView.swift */; };
/* End PBXBuildFile section */

/* Begin PBXFileReference section */
		17A3EA38DA804EB5B27139AA /* AudiobookPlayer/GRDBDatabaseManager.swift */ = {isa = PBXFileReference; lastKnownFileType = sourcecode.swift; path = AudiobookPlayer/GRDBDatabaseManager.swift; sourceTree = "<group>"; };
		2B0FA3F1E49445F18F94583C /* CreateCollectionView.swift */ = {isa = PBXFileReference; lastKnownFileType = sourcecode.swift; path = CreateCollectionView.swift; sourceTree = "<group>"; };
		375BFCDDA1EF440F8C3033E5 /* AudiobookPlayer/DatabaseConfig.swift */ = {isa = PBXFileReference; lastKnownFileType = sourcecode.swift; path = AudiobookPlayer/DatabaseConfig.swift; sourceTree = "<group>"; };
		599C0102E5CE40F89A991FD2 /* AudiobookPlayer/DatabaseSchema.swift */ = {isa = PBXFileReference; lastKnownFileType = sourcecode.swift; path = AudiobookPlayer/DatabaseSchema.swift; sourceTree = "<group>"; };
		6F6E7F6E2C4A9B0500AA00AA /* AudiobookPlayerApp.swift */ = {isa = PBXFileReference; lastKnownFileType = sourcecode.swift; path = AudiobookPlayerApp.swift; sourceTree = "<group>"; };
		6F6E7F6E2C4A9B0500AA00AB /* BaiduOAuth.swift */ = {isa = PBXFileReference; lastKnownFileType = sourcecode.swift; path = BaiduOAuth.swift; sourceTree = "<group>"; };
		6F6E7F702C4A9B0500AA00AA /* ContentView.swift */ = {isa = PBXFileReference; lastKnownFileType = sourcecode.swift; path = ContentView.swift; sourceTree = "<group>"; };
		6F6E7F702C4A9B0500AA00AB /* BaiduAuthViewModel.swift */ = {isa = PBXFileReference; lastKnownFileType = sourcecode.swift; path = BaiduAuthViewModel.swift; sourceTree = "<group>"; };
		6F6E7F722C4A9B0500AA00AA /* AudioPlayerViewModel.swift */ = {isa = PBXFileReference; lastKnownFileType = sourcecode.swift; path = AudioPlayerViewModel.swift; sourceTree = "<group>"; };
		6F6E7F742C4A9B0500AA00AA /* Assets.xcassets */ = {isa = PBXFileReference; lastKnownFileType = folder.assetcatalog; path = Assets.xcassets; sourceTree = "<group>"; };
		6F6E7F762C4A9B0500AA00AA /* Preview Assets.xcassets */ = {isa = PBXFileReference; lastKnownFileType = folder.assetcatalog; path = "Preview Assets.xcassets"; sourceTree = "<group>"; };
		6F6E7F772C4A9B0500AA00AA /* Info.plist */ = {isa = PBXFileReference; lastKnownFileType = text.plist.xml; path = Info.plist; sourceTree = "<group>"; };
		6F6E7F782C4A9B0500AA00AA /* AVFoundation.framework */ = {isa = PBXFileReference; lastKnownFileType = wrapper.framework; name = AVFoundation.framework; path = System/Library/Frameworks/AVFoundation.framework; sourceTree = SDKROOT; };
		6F6E7F802C4A9B0500AA00AA /* AudiobookPlayer.app */ = {isa = PBXFileReference; explicitFileType = wrapper.application; includeInIndex = 0; path = AudiobookPlayer.app; sourceTree = BUILT_PRODUCTS_DIR; };
		6F99A0002C4C200000AA00AA /* BaiduTokenStore.swift */ = {isa = PBXFileReference; lastKnownFileType = sourcecode.swift; path = BaiduTokenStore.swift; sourceTree = "<group>"; };
		6F99A0022C4C200000AA00AA /* BaiduNetdiskClient.swift */ = {isa = PBXFileReference; lastKnownFileType = sourcecode.swift; path = BaiduNetdiskClient.swift; sourceTree = "<group>"; };
		6F99A0042C4C200000AA00AA /* BaiduNetdiskBrowserViewModel.swift */ = {isa = PBXFileReference; lastKnownFileType = sourcecode.swift; path = BaiduNetdiskBrowserViewModel.swift; sourceTree = "<group>"; };
		6F99A0062C4C200000AA00AA /* BaiduNetdiskBrowserView.swift */ = {isa = PBXFileReference; lastKnownFileType = sourcecode.swift; path = BaiduNetdiskBrowserView.swift; sourceTree = "<group>"; };
		6FC010002C5B0C0000AA00AA /* LibraryModels.swift */ = {isa = PBXFileReference; lastKnownFileType = sourcecode.swift; path = LibraryModels.swift; sourceTree = "<group>"; };
		6FC010022C5B0C0000AA00AA /* LibraryStore.swift */ = {isa = PBXFileReference; lastKnownFileType = sourcecode.swift; path = LibraryStore.swift; sourceTree = "<group>"; };
		6FC010042C5B0C0000AA00AA /* LibraryView.swift */ = {isa = PBXFileReference; lastKnownFileType = sourcecode.swift; path = LibraryView.swift; sourceTree = "<group>"; };
		6FC010062C5B0C0000AA00AA /* SourcesView.swift */ = {isa = PBXFileReference; lastKnownFileType = sourcecode.swift; path = SourcesView.swift; sourceTree = "<group>"; };
		6FC010082C5B0C0000AA00AA /* CollectionDetailView.swift */ = {isa = PBXFileReference; lastKnownFileType = sourcecode.swift; path = CollectionDetailView.swift; sourceTree = "<group>"; };
		6FC0100A2C5B0C0000AA00AA /* TrackPickerView.swift */ = {isa = PBXFileReference; lastKnownFileType = sourcecode.swift; path = TrackPickerView.swift; sourceTree = "<group>"; };
		6FC0101B2C5B0C0000AA00AA /* CloudKitLibrarySync.swift */ = {isa = PBXFileReference; lastKnownFileType = sourcecode.swift; path = CloudKitLibrarySync.swift; sourceTree = "<group>"; };
		6FD0A0012C5B0C0000AA00AB /* AudioCacheManager.swift */ = {isa = PBXFileReference; lastKnownFileType = sourcecode.swift; path = AudioCacheManager.swift; sourceTree = "<group>"; };
		6FD0A0032C5B0C0000AA00AB /* CachedAudioAsset.swift */ = {isa = PBXFileReference; lastKnownFileType = sourcecode.swift; path = CachedAudioAsset.swift; sourceTree = "<group>"; };
		8617DDD92EBE0A26006E7CA7 /* AIGatewayClient.swift */ = {isa = PBXFileReference; lastKnownFileType = sourcecode.swift; path = AIGatewayClient.swift; sourceTree = "<group>"; };
		8617DDDA2EBE0A26006E7CA7 /* AIGatewayKeychainStore.swift */ = {isa = PBXFileReference; lastKnownFileType = sourcecode.swift; path = AIGatewayKeychainStore.swift; sourceTree = "<group>"; };
		8617DDDB2EBE0A26006E7CA7 /* AIGatewayModels.swift */ = {isa = PBXFileReference; lastKnownFileType = sourcecode.swift; path = AIGatewayModels.swift; sourceTree = "<group>"; };
		8617DDDC2EBE0A26006E7CA7 /* AIGatewayViewModel.swift */ = {isa = PBXFileReference; lastKnownFileType = sourcecode.swift; path = AIGatewayViewModel.swift; sourceTree = "<group>"; };
		8617DDDD2EBE0A26006E7CA7 /* AITabView.swift */ = {isa = PBXFileReference; lastKnownFileType = sourcecode.swift; path = AITabView.swift; sourceTree = "<group>"; };
		8617DDDE2EBE0A26006E7CA7 /* BackgroundTranscriptionManager.swift */ = {isa = PBXFileReference; lastKnownFileType = sourcecode.swift; path = BackgroundTranscriptionManager.swift; sourceTree = "<group>"; };
		8617DDDF2EBE0A26006E7CA7 /* DatabaseConfig.swift */ = {isa = PBXFileReference; lastKnownFileType = sourcecode.swift; path = DatabaseConfig.swift; sourceTree = "<group>"; };
		8617DDE02EBE0A26006E7CA7 /* DatabaseSchema.swift */ = {isa = PBXFileReference; lastKnownFileType = sourcecode.swift; path = DatabaseSchema.swift; sourceTree = "<group>"; };
		8617DDE12EBE0A26006E7CA7 /* GRDBDatabaseManager.swift */ = {isa = PBXFileReference; lastKnownFileType = sourcecode.swift; path = GRDBDatabaseManager.swift; sourceTree = "<group>"; };
		8617DDE22EBE0A26006E7CA7 /* Localizable.xcstrings */ = {isa = PBXFileReference; lastKnownFileType = text.json.xcstrings; path = Localizable.xcstrings; sourceTree = "<group>"; };
		8617DDE32EBE0A26006E7CA7 /* SonioxAPI.swift */ = {isa = PBXFileReference; lastKnownFileType = sourcecode.swift; path = SonioxAPI.swift; sourceTree = "<group>"; };
		8617DDE42EBE0A26006E7CA7 /* TranscriptionDatabaseSchema.swift */ = {isa = PBXFileReference; lastKnownFileType = sourcecode.swift; path = TranscriptionDatabaseSchema.swift; sourceTree = "<group>"; };
		8617DDE52EBE0A26006E7CA7 /* TranscriptionManager.swift */ = {isa = PBXFileReference; lastKnownFileType = sourcecode.swift; path = TranscriptionManager.swift; sourceTree = "<group>"; };
		8617DDE62EBE0A26006E7CA7 /* TranscriptionSheet.swift */ = {isa = PBXFileReference; lastKnownFileType = sourcecode.swift; path = TranscriptionSheet.swift; sourceTree = "<group>"; };
		8617DDE72EBE0A26006E7CA7 /* TranscriptModels.swift */ = {isa = PBXFileReference; lastKnownFileType = sourcecode.swift; path = TranscriptModels.swift; sourceTree = "<group>"; };
		8685F35E2EBE17D5003D8173 /* SonioxKeychainStore.swift */ = {isa = PBXFileReference; lastKnownFileType = sourcecode.swift; path = SonioxKeychainStore.swift; sourceTree = "<group>"; };
		8685F35F2EBE17D5003D8173 /* SonioxKeyViewModel.swift */ = {isa = PBXFileReference; lastKnownFileType = sourcecode.swift; path = SonioxKeyViewModel.swift; sourceTree = "<group>"; };
		8685F3622EBE204F003D8173 /* TemporaryPlaybackContext.swift */ = {isa = PBXFileReference; lastKnownFileType = sourcecode.swift; path = TemporaryPlaybackContext.swift; sourceTree = "<group>"; };
		8685F3642EBF3607003D8173 /* TranscriptionJobManager.swift */ = {isa = PBXFileReference; lastKnownFileType = sourcecode.swift; path = TranscriptionJobManager.swift; sourceTree = "<group>"; };
		8685F3652EBF3607003D8173 /* TranscriptionProgressOverlay.swift */ = {isa = PBXFileReference; lastKnownFileType = sourcecode.swift; path = TranscriptionProgressOverlay.swift; sourceTree = "<group>"; };
		8685F3662EBF3607003D8173 /* TranscriptionRetryManager.swift */ = {isa = PBXFileReference; lastKnownFileType = sourcecode.swift; path = TranscriptionRetryManager.swift; sourceTree = "<group>"; };
		8685F3672EBF3607003D8173 /* TranscriptViewerSheet.swift */ = {isa = PBXFileReference; lastKnownFileType = sourcecode.swift; path = TranscriptViewerSheet.swift; sourceTree = "<group>"; };
		8685F3682EBF3607003D8173 /* TranscriptViewModel.swift */ = {isa = PBXFileReference; lastKnownFileType = sourcecode.swift; path = TranscriptViewModel.swift; sourceTree = "<group>"; };
		8685F36E2EBF3813003D8173 /* AITabView.swift */ = {isa = PBXFileReference; lastKnownFileType = sourcecode.swift; path = AITabView.swift; sourceTree = "<group>"; };
		86AD83AA2EB9AD5100FAB6DF /* AudioCacheDownloadManager.swift */ = {isa = PBXFileReference; lastKnownFileType = sourcecode.swift; path = AudioCacheDownloadManager.swift; sourceTree = "<group>"; };
		86AD83AB2EB9AD5100FAB6DF /* CacheProgressTracker.swift */ = {isa = PBXFileReference; lastKnownFileType = sourcecode.swift; path = CacheProgressTracker.swift; sourceTree = "<group>"; };
		86FE17552EBFC7F200027E93 /* test-1min.mp3 */ = {isa = PBXFileReference; lastKnownFileType = audio.mp3; path = "test-1min.mp3"; sourceTree = "<group>"; };
		A1B2C3D42FEB123400000001 /* FavoriteToggleButton.swift */ = {isa = PBXFileReference; lastKnownFileType = sourcecode.swift; path = FavoriteToggleButton.swift; sourceTree = "<group>"; };
		A1B2C3D62FEB123400000002 /* FavoriteTracksView.swift */ = {isa = PBXFileReference; lastKnownFileType = sourcecode.swift; path = FavoriteTracksView.swift; sourceTree = "<group>"; };
		F7432AE5D710401797665C14 /* CollectionBuilderViewModel.swift */ = {isa = PBXFileReference; lastKnownFileType = sourcecode.swift; path = CollectionBuilderViewModel.swift; sourceTree = "<group>"; };
/* End PBXFileReference section */

/* Begin PBXFrameworksBuildPhase section */
		6F6E7F6C2C4A9B0500AA00AA /* Frameworks */ = {
			isa = PBXFrameworksBuildPhase;
			buildActionMask = 2147483647;
			files = (
				6F6E7F792C4A9B0500AA00AA /* AVFoundation.framework in Frameworks */,
				8637370F2EBCF7120002CD46 /* GRDB in Frameworks */,
			);
			runOnlyForDeploymentPostprocessing = 0;
		};
/* End PBXFrameworksBuildPhase section */

/* Begin PBXGroup section */
		6F6E7F662C4A9B0500AA00AA = {
			isa = PBXGroup;
			children = (
				6F6E7F672C4A9B0500AA00AA /* AudiobookPlayer */,
				6F6E7F7C2C4A9B0500AA00AA /* Products */,
				6F6E7F7D2C4A9B0500AA00AA /* Frameworks */,
				863737112EBD000A0002CD46 /* Recovered References */,
			);
			sourceTree = "<group>";
		};
		6F6E7F672C4A9B0500AA00AA /* AudiobookPlayer */ = {
			isa = PBXGroup;
			children = (
				86AD83AA2EB9AD5100FAB6DF /* AudioCacheDownloadManager.swift */,
				8685F3622EBE204F003D8173 /* TemporaryPlaybackContext.swift */,
				86AD83AB2EB9AD5100FAB6DF /* CacheProgressTracker.swift */,
				6F6E7F6E2C4A9B0500AA00AA /* AudiobookPlayerApp.swift */,
				8617DDD92EBE0A26006E7CA7 /* AIGatewayClient.swift */,
				8617DDDA2EBE0A26006E7CA7 /* AIGatewayKeychainStore.swift */,
				8617DDDB2EBE0A26006E7CA7 /* AIGatewayModels.swift */,
				8617DDDC2EBE0A26006E7CA7 /* AIGatewayViewModel.swift */,
				8617DDDD2EBE0A26006E7CA7 /* AITabView.swift */,
				8617DDDE2EBE0A26006E7CA7 /* BackgroundTranscriptionManager.swift */,
				8617DDDF2EBE0A26006E7CA7 /* DatabaseConfig.swift */,
				8617DDE02EBE0A26006E7CA7 /* DatabaseSchema.swift */,
				8617DDE12EBE0A26006E7CA7 /* GRDBDatabaseManager.swift */,
				8617DDE22EBE0A26006E7CA7 /* Localizable.xcstrings */,
				8685F3642EBF3607003D8173 /* TranscriptionJobManager.swift */,
				8685F3652EBF3607003D8173 /* TranscriptionProgressOverlay.swift */,
				8685F3662EBF3607003D8173 /* TranscriptionRetryManager.swift */,
				8685F3672EBF3607003D8173 /* TranscriptViewerSheet.swift */,
				8685F3682EBF3607003D8173 /* TranscriptViewModel.swift */,
				8685F36E2EBF3813003D8173 /* AITabView.swift */,
				8685F35E2EBE17D5003D8173 /* SonioxKeychainStore.swift */,
				8685F35F2EBE17D5003D8173 /* SonioxKeyViewModel.swift */,
				8617DDE32EBE0A26006E7CA7 /* SonioxAPI.swift */,
				8617DDE42EBE0A26006E7CA7 /* TranscriptionDatabaseSchema.swift */,
				8617DDE52EBE0A26006E7CA7 /* TranscriptionManager.swift */,
				8617DDE62EBE0A26006E7CA7 /* TranscriptionSheet.swift */,
				8617DDE72EBE0A26006E7CA7 /* TranscriptModels.swift */,
				6F6E7F6E2C4A9B0500AA00AB /* BaiduOAuth.swift */,
				6F99A0022C4C200000AA00AA /* BaiduNetdiskClient.swift */,
				6F99A0042C4C200000AA00AA /* BaiduNetdiskBrowserViewModel.swift */,
				6F99A0062C4C200000AA00AA /* BaiduNetdiskBrowserView.swift */,
				6F6E7F722C4A9B0500AA00AA /* AudioPlayerViewModel.swift */,
				6FD0A0012C5B0C0000AA00AB /* AudioCacheManager.swift */,
				6FD0A0032C5B0C0000AA00AB /* CachedAudioAsset.swift */,
				6F6E7F702C4A9B0500AA00AB /* BaiduAuthViewModel.swift */,
				6F6E7F702C4A9B0500AA00AA /* ContentView.swift */,
				6FC010002C5B0C0000AA00AA /* LibraryModels.swift */,
				6FC010022C5B0C0000AA00AA /* LibraryStore.swift */,
				6FC0101B2C5B0C0000AA00AA /* CloudKitLibrarySync.swift */,
				6FC010042C5B0C0000AA00AA /* LibraryView.swift */,
				6FC010082C5B0C0000AA00AA /* CollectionDetailView.swift */,
				6FC0100A2C5B0C0000AA00AA /* TrackPickerView.swift */,
				A1B2C3D42FEB123400000001 /* FavoriteToggleButton.swift */,
				A1B2C3D62FEB123400000002 /* FavoriteTracksView.swift */,
				2B0FA3F1E49445F18F94583C /* CreateCollectionView.swift */,
				F7432AE5D710401797665C14 /* CollectionBuilderViewModel.swift */,
				6FC010062C5B0C0000AA00AA /* SourcesView.swift */,
				6F99A0002C4C200000AA00AA /* BaiduTokenStore.swift */,
				6FC0200A2C5B0C0000AA00AA /* Localizable.strings */,
				6F6E7F742C4A9B0500AA00AA /* Assets.xcassets */,
				6F6E7F752C4A9B0500AA00AA /* Preview Content */,
				6F6E7F772C4A9B0500AA00AA /* Info.plist */,
				86FE17552EBFC7F200027E93 /* test-1min.mp3 */,
			);
			path = AudiobookPlayer;
			sourceTree = "<group>";
		};
		6F6E7F752C4A9B0500AA00AA /* Preview Content */ = {
			isa = PBXGroup;
			children = (
				6F6E7F762C4A9B0500AA00AA /* Preview Assets.xcassets */,
			);
			path = "Preview Content";
			sourceTree = "<group>";
		};
		6F6E7F7C2C4A9B0500AA00AA /* Products */ = {
			isa = PBXGroup;
			children = (
				6F6E7F802C4A9B0500AA00AA /* AudiobookPlayer.app */,
			);
			name = Products;
			sourceTree = "<group>";
		};
		6F6E7F7D2C4A9B0500AA00AA /* Frameworks */ = {
			isa = PBXGroup;
			children = (
				6F6E7F782C4A9B0500AA00AA /* AVFoundation.framework */,
			);
			name = Frameworks;
			sourceTree = "<group>";
		};
		863737112EBD000A0002CD46 /* Recovered References */ = {
			isa = PBXGroup;
			children = (
				17A3EA38DA804EB5B27139AA /* AudiobookPlayer/GRDBDatabaseManager.swift */,
				375BFCDDA1EF440F8C3033E5 /* AudiobookPlayer/DatabaseConfig.swift */,
				599C0102E5CE40F89A991FD2 /* AudiobookPlayer/DatabaseSchema.swift */,
			);
			name = "Recovered References";
			sourceTree = "<group>";
		};
/* End PBXGroup section */

/* Begin PBXNativeTarget section */
		6F6E7F812C4A9B0500AA00AA /* AudiobookPlayer */ = {
			isa = PBXNativeTarget;
			buildConfigurationList = 6F6E7F842C4A9B0500AA00AA /* Build configuration list for PBXNativeTarget "AudiobookPlayer" */;
			buildPhases = (
				6F6E7F6B2C4A9B0500AA00AA /* Sources */,
				6F6E7F6C2C4A9B0500AA00AA /* Frameworks */,
				6F6E7F6D2C4A9B0500AA00AA /* Resources */,
			);
			buildRules = (
			);
			dependencies = (
			);
			name = AudiobookPlayer;
			productName = AudiobookPlayer;
			productReference = 6F6E7F802C4A9B0500AA00AA /* AudiobookPlayer.app */;
			productType = "com.apple.product-type.application";
		};
/* End PBXNativeTarget section */

/* Begin PBXProject section */
		6F6E7F652C4A9B0500AA00AA /* Project object */ = {
			isa = PBXProject;
			attributes = {
				BuildIndependentTargetsInParallel = YES;
				LastSwiftUpdateCheck = 1530;
				LastUpgradeCheck = 1530;
				TargetAttributes = {
					6F6E7F812C4A9B0500AA00AA = {
						CreatedOnToolsVersion = 15.3;
					};
				};
			};
			buildConfigurationList = 6F6E7F832C4A9B0500AA00AA /* Build configuration list for PBXProject "AudiobookPlayer" */;
			compatibilityVersion = "Xcode 15.0";
			developmentRegion = "zh-Hans";
			hasScannedForEncodings = 0;
			knownRegions = (
				en,
				"zh-Hans",
			);
			mainGroup = 6F6E7F662C4A9B0500AA00AA;
			packageReferences = (
				8637370D2EBCF7120002CD46 /* XCRemoteSwiftPackageReference "GRDB.swift" */,
			);
			productRefGroup = 6F6E7F7C2C4A9B0500AA00AA /* Products */;
			projectDirPath = "";
			projectRoot = "";
			targets = (
				6F6E7F812C4A9B0500AA00AA /* AudiobookPlayer */,
			);
		};
/* End PBXProject section */

/* Begin PBXResourcesBuildPhase section */
		6F6E7F6D2C4A9B0500AA00AA /* Resources */ = {
			isa = PBXResourcesBuildPhase;
			buildActionMask = 2147483647;
			files = (
				6F6E7F7A2C4A9B0500AA00AA /* Assets.xcassets in Resources */,
				6FC0200D2C5B0C0000AA00AA /* Localizable.strings in Resources */,
				8617DDE82EBE0A26006E7CA7 /* Localizable.xcstrings in Resources */,
				86FE17562EBFC7F200027E93 /* test-1min.mp3 in Resources */,
				6F6E7F7B2C4A9B0500AA00AA /* Preview Assets.xcassets in Resources */,
			);
			runOnlyForDeploymentPostprocessing = 0;
		};
/* End PBXResourcesBuildPhase section */

/* Begin PBXSourcesBuildPhase section */
		6F6E7F6B2C4A9B0500AA00AA /* Sources */ = {
			isa = PBXSourcesBuildPhase;
			buildActionMask = 2147483647;
			files = (
				6F99A0072C4C200000AA00AA /* BaiduNetdiskBrowserView.swift in Sources */,
				86AD83AC2EB9AD5200FAB6DF /* CacheProgressTracker.swift in Sources */,
				86AD83AD2EB9AD5200FAB6DF /* AudioCacheDownloadManager.swift in Sources */,
				6FC0100B2C5B0C0000AA00AA /* TrackPickerView.swift in Sources */,
				6FC010092C5B0C0000AA00AA /* CollectionDetailView.swift in Sources */,
				A1B2C3D52FEB123400000001 /* FavoriteToggleButton.swift in Sources */,
				A1B2C3D72FEB123400000002 /* FavoriteTracksView.swift in Sources */,
				6FC010052C5B0C0000AA00AA /* LibraryView.swift in Sources */,
				E348980BBC3F438AA2C8C842 /* CreateCollectionView.swift in Sources */,
				8685F3602EBE17D6003D8173 /* SonioxKeychainStore.swift in Sources */,
				8685F3612EBE17D6003D8173 /* SonioxKeyViewModel.swift in Sources */,
				5699532872F14F318BCED8CE /* CollectionBuilderViewModel.swift in Sources */,
				8685F36F2EBF3813003D8173 /* AITabView.swift in Sources */,
				6F99A0052C4C200000AA00AA /* BaiduNetdiskBrowserViewModel.swift in Sources */,
				6F6E7F6F2C4A9B0500AA00AA /* AudiobookPlayerApp.swift in Sources */,
				6FC010072C5B0C0000AA00AA /* SourcesView.swift in Sources */,
				8617DDE92EBE0A26006E7CA7 /* DatabaseConfig.swift in Sources */,
				8617DDEA2EBE0A26006E7CA7 /* AIGatewayClient.swift in Sources */,
				8617DDEB2EBE0A26006E7CA7 /* BackgroundTranscriptionManager.swift in Sources */,
				8617DDEC2EBE0A26006E7CA7 /* TranscriptionDatabaseSchema.swift in Sources */,
				8617DDED2EBE0A26006E7CA7 /* AIGatewayKeychainStore.swift in Sources */,
				8617DDEE2EBE0A26006E7CA7 /* SonioxAPI.swift in Sources */,
				8617DDEF2EBE0A26006E7CA7 /* AITabView.swift in Sources */,
				8617DDF02EBE0A26006E7CA7 /* TranscriptionSheet.swift in Sources */,
				8617DDF12EBE0A26006E7CA7 /* TranscriptModels.swift in Sources */,
				8617DDF22EBE0A26006E7CA7 /* GRDBDatabaseManager.swift in Sources */,
				8617DDF32EBE0A26006E7CA7 /* AIGatewayModels.swift in Sources */,
				8617DDF42EBE0A26006E7CA7 /* DatabaseSchema.swift in Sources */,
				8617DDF52EBE0A26006E7CA7 /* TranscriptionManager.swift in Sources */,
				8617DDF62EBE0A26006E7CA7 /* AIGatewayViewModel.swift in Sources */,
				6FC010032C5B0C0000AA00AA /* LibraryStore.swift in Sources */,
				6F99A0032C4C200000AA00AA /* BaiduNetdiskClient.swift in Sources */,
				6F6E7F712C4A9B0500AA00AA /* ContentView.swift in Sources */,
				8685F3692EBF3607003D8173 /* TranscriptionProgressOverlay.swift in Sources */,
				8685F36A2EBF3607003D8173 /* TranscriptViewerSheet.swift in Sources */,
				8685F36B2EBF3607003D8173 /* TranscriptionRetryManager.swift in Sources */,
				8685F36C2EBF3607003D8173 /* TranscriptionJobManager.swift in Sources */,
				8685F36D2EBF3607003D8173 /* TranscriptViewModel.swift in Sources */,
				6F99A0012C4C200000AA00AA /* BaiduTokenStore.swift in Sources */,
				6F6E7F6F2C4A9B0500AA00AB /* BaiduOAuth.swift in Sources */,
				6FC010012C5B0C0000AA00AA /* LibraryModels.swift in Sources */,
				6F6E7F712C4A9B0500AA00AB /* BaiduAuthViewModel.swift in Sources */,
				8685F3632EBE204F003D8173 /* TemporaryPlaybackContext.swift in Sources */,
				6F6E7F732C4A9B0500AA00AA /* AudioPlayerViewModel.swift in Sources */,
				6FD0A0022C5B0C0000AA00AB /* AudioCacheManager.swift in Sources */,
				6FD0A0042C5B0C0000AA00AB /* CachedAudioAsset.swift in Sources */,
				6FC0101C2C5B0C0000AA00AA /* CloudKitLibrarySync.swift in Sources */,
				9AA2D81AAF724F08916ACE38 /* AudiobookPlayer/GRDBDatabaseManager.swift in Sources */,
				C0E7E438067149FBAA94ECEA /* AudiobookPlayer/DatabaseConfig.swift in Sources */,
				8E29594F1DFC4DD3BDB9C297 /* AudiobookPlayer/DatabaseSchema.swift in Sources */,
			);
			runOnlyForDeploymentPostprocessing = 0;
		};
/* End PBXSourcesBuildPhase section */

/* Begin PBXVariantGroup section */
		6FC0200A2C5B0C0000AA00AA /* Localizable.strings */ = {
			isa = PBXVariantGroup;
			children = (
			);
			name = Localizable.strings;
			sourceTree = "<group>";
		};
/* End PBXVariantGroup section */

/* Begin XCBuildConfiguration section */
		6F6E7F852C4A9B0500AA00AA /* Debug */ = {
			isa = XCBuildConfiguration;
			buildSettings = {
				ASSETCATALOG_COMPILER_APPICON_NAME = AppIcon;
				ASSETCATALOG_COMPILER_GLOBAL_ACCENT_COLOR_NAME = AccentColor;
				CODE_SIGN_STYLE = Automatic;
				CURRENT_PROJECT_VERSION = 1;
				DEVELOPMENT_ASSET_PATHS = "\"AudiobookPlayer/Preview Content\"";
				DEVELOPMENT_TEAM = 285P3M6846;
				ENABLE_PREVIEWS = YES;
				GENERATE_INFOPLIST_FILE = NO;
				INFOPLIST_FILE = AudiobookPlayer/Info.plist;
				INFOPLIST_KEY_CFBundleDisplayName = AudiobookPlayer;
				INFOPLIST_KEY_UIApplicationSceneManifest_Generation = YES;
				INFOPLIST_KEY_UIApplicationSupportsIndirectInputEvents = YES;
				INFOPLIST_KEY_UILaunchScreen_Generation = YES;
				INFOPLIST_KEY_UISupportedInterfaceOrientations_iPad = "UIInterfaceOrientationPortrait UIInterfaceOrientationPortraitUpsideDown UIInterfaceOrientationLandscapeLeft UIInterfaceOrientationLandscapeRight";
				INFOPLIST_KEY_UISupportedInterfaceOrientations_iPhone = "UIInterfaceOrientationPortrait UIInterfaceOrientationLandscapeLeft UIInterfaceOrientationLandscapeRight";
				IPHONEOS_DEPLOYMENT_TARGET = 16.0;
				LD_RUNPATH_SEARCH_PATHS = (
					"$(inherited)",
					"@executable_path/Frameworks",
				);
				MARKETING_VERSION = 0.1.0;
				PRODUCT_BUNDLE_IDENTIFIER = com.wdh.audiobook;
				PRODUCT_NAME = "$(TARGET_NAME)";
				SWIFT_EMIT_LOC_STRINGS = YES;
				SWIFT_VERSION = 5.0;
				TARGETED_DEVICE_FAMILY = "1,2";
			};
			name = Debug;
		};
		6F6E7F862C4A9B0500AA00AA /* Release */ = {
			isa = XCBuildConfiguration;
			buildSettings = {
				ASSETCATALOG_COMPILER_APPICON_NAME = AppIcon;
				ASSETCATALOG_COMPILER_GLOBAL_ACCENT_COLOR_NAME = AccentColor;
				CODE_SIGN_STYLE = Automatic;
				CURRENT_PROJECT_VERSION = 1;
				DEVELOPMENT_ASSET_PATHS = "\"AudiobookPlayer/Preview Content\"";
				DEVELOPMENT_TEAM = 285P3M6846;
				ENABLE_PREVIEWS = YES;
				GENERATE_INFOPLIST_FILE = NO;
				INFOPLIST_FILE = AudiobookPlayer/Info.plist;
				INFOPLIST_KEY_CFBundleDisplayName = AudiobookPlayer;
				INFOPLIST_KEY_UIApplicationSceneManifest_Generation = YES;
				INFOPLIST_KEY_UIApplicationSupportsIndirectInputEvents = YES;
				INFOPLIST_KEY_UILaunchScreen_Generation = YES;
				INFOPLIST_KEY_UISupportedInterfaceOrientations_iPad = "UIInterfaceOrientationPortrait UIInterfaceOrientationPortraitUpsideDown UIInterfaceOrientationLandscapeLeft UIInterfaceOrientationLandscapeRight";
				INFOPLIST_KEY_UISupportedInterfaceOrientations_iPhone = "UIInterfaceOrientationPortrait UIInterfaceOrientationLandscapeLeft UIInterfaceOrientationLandscapeRight";
				IPHONEOS_DEPLOYMENT_TARGET = 16.0;
				LD_RUNPATH_SEARCH_PATHS = (
					"$(inherited)",
					"@executable_path/Frameworks",
				);
				MARKETING_VERSION = 0.1.0;
				PRODUCT_BUNDLE_IDENTIFIER = com.wdh.audiobook;
				PRODUCT_NAME = "$(TARGET_NAME)";
				SWIFT_EMIT_LOC_STRINGS = YES;
				SWIFT_VERSION = 5.0;
				TARGETED_DEVICE_FAMILY = "1,2";
			};
			name = Release;
		};
		6F6E7F872C4A9B0500AA00AA /* Debug */ = {
			isa = XCBuildConfiguration;
			buildSettings = {
				ALWAYS_SEARCH_USER_PATHS = NO;
				CLANG_ANALYZER_NONNULL = YES;
				CLANG_ANALYZER_NUMBER_OBJECT_CONVERSION = YES_AGGRESSIVE;
				CLANG_CXX_LANGUAGE_STANDARD = "gnu++17";
				CLANG_ENABLE_MODULES = YES;
				CLANG_ENABLE_OBJC_ARC = YES;
				CLANG_WARN_BLOCK_CAPTURE_AUTORELEASING = YES;
				CLANG_WARN_BOOL_CONVERSION = YES;
				CLANG_WARN_COMMA = YES;
				CLANG_WARN_CONSTANT_CONVERSION = YES;
				CLANG_WARN_DEPRECATED_OBJC_IMPLEMENTATIONS = YES;
				CLANG_WARN_DIRECT_OBJC_ISA_USAGE = YES_ERROR;
				CLANG_WARN_DOCUMENTATION_COMMENTS = YES;
				CLANG_WARN_EMPTY_BODY = YES;
				CLANG_WARN_ENUM_CONVERSION = YES;
				CLANG_WARN_INFINITE_RECURSION = YES;
				CLANG_WARN_INT_CONVERSION = YES;
				CLANG_WARN_NON_LITERAL_NULL_CONVERSION = YES;
				CLANG_WARN_OBJC_IMPLICIT_RETAIN_SELF = YES;
				CLANG_WARN_OBJC_LITERAL_CONVERSION = YES;
				CLANG_WARN_QUOTED_INCLUDE_IN_FRAMEWORK_HEADER = YES;
				CLANG_WARN_RANGE_LOOP_ANALYSIS = YES;
				CLANG_WARN_STRICT_PROTOTYPES = YES;
				CLANG_WARN_SUSPICIOUS_MOVE = YES;
				CLANG_WARN_UNGUARDED_AVAILABILITY = YES_AGGRESSIVE;
				CLANG_WARN_UNREACHABLE_CODE = YES;
				CLANG_WARN__DUPLICATE_METHOD_MATCH = YES;
				COPY_PHASE_STRIP = NO;
				DEBUG_INFORMATION_FORMAT = dwarf;
				ENABLE_STRICT_OBJC_MSGSEND = YES;
				ENABLE_TESTABILITY = YES;
				GCC_C_LANGUAGE_STANDARD = gnu11;
				GCC_DYNAMIC_NO_PIC = NO;
				GCC_NO_COMMON_BLOCKS = YES;
				GCC_OPTIMIZATION_LEVEL = 0;
				GCC_PREPROCESSOR_DEFINITIONS = (
					"DEBUG=1",
					"$(inherited)",
				);
				GCC_WARN_64_TO_32_BIT_CONVERSION = YES;
				GCC_WARN_ABOUT_RETURN_TYPE = YES_ERROR;
				GCC_WARN_UNDECLARED_SELECTOR = YES;
				GCC_WARN_UNINITIALIZED_AUTOS = YES_AGGRESSIVE;
				GCC_WARN_UNUSED_FUNCTION = YES;
				GCC_WARN_UNUSED_VARIABLE = YES;
				IPHONEOS_DEPLOYMENT_TARGET = 26.0;
				MTL_ENABLE_DEBUG_INFO = INCLUDE_SOURCE;
				MTL_FAST_MATH = YES;
				ONLY_ACTIVE_ARCH = YES;
				SDKROOT = iphoneos;
				SWIFT_ACTIVE_COMPILATION_CONDITIONS = DEBUG;
				SWIFT_OPTIMIZATION_LEVEL = "-Onone";
				SWIFT_VERSION = 5.0;
			};
			name = Debug;
		};
		6F6E7F882C4A9B0500AA00AA /* Release */ = {
			isa = XCBuildConfiguration;
			buildSettings = {
				ALWAYS_SEARCH_USER_PATHS = NO;
				CLANG_ANALYZER_NONNULL = YES;
				CLANG_ANALYZER_NUMBER_OBJECT_CONVERSION = YES_AGGRESSIVE;
				CLANG_CXX_LANGUAGE_STANDARD = "gnu++17";
				CLANG_ENABLE_MODULES = YES;
				CLANG_ENABLE_OBJC_ARC = YES;
				CLANG_WARN_BLOCK_CAPTURE_AUTORELEASING = YES;
				CLANG_WARN_BOOL_CONVERSION = YES;
				CLANG_WARN_COMMA = YES;
				CLANG_WARN_CONSTANT_CONVERSION = YES;
				CLANG_WARN_DEPRECATED_OBJC_IMPLEMENTATIONS = YES;
				CLANG_WARN_DIRECT_OBJC_ISA_USAGE = YES_ERROR;
				CLANG_WARN_DOCUMENTATION_COMMENTS = YES;
				CLANG_WARN_EMPTY_BODY = YES;
				CLANG_WARN_ENUM_CONVERSION = YES;
				CLANG_WARN_INFINITE_RECURSION = YES;
				CLANG_WARN_INT_CONVERSION = YES;
				CLANG_WARN_NON_LITERAL_NULL_CONVERSION = YES;
				CLANG_WARN_OBJC_IMPLICIT_RETAIN_SELF = YES;
				CLANG_WARN_OBJC_LITERAL_CONVERSION = YES;
				CLANG_WARN_QUOTED_INCLUDE_IN_FRAMEWORK_HEADER = YES;
				CLANG_WARN_RANGE_LOOP_ANALYSIS = YES;
				CLANG_WARN_STRICT_PROTOTYPES = YES;
				CLANG_WARN_SUSPICIOUS_MOVE = YES;
				CLANG_WARN_UNGUARDED_AVAILABILITY = YES_AGGRESSIVE;
				CLANG_WARN_UNREACHABLE_CODE = YES;
				CLANG_WARN__DUPLICATE_METHOD_MATCH = YES;
				COPY_PHASE_STRIP = NO;
				DEBUG_INFORMATION_FORMAT = "dwarf-with-dsym";
				ENABLE_NS_ASSERTIONS = NO;
				ENABLE_STRICT_OBJC_MSGSEND = YES;
				GCC_C_LANGUAGE_STANDARD = gnu11;
				GCC_NO_COMMON_BLOCKS = YES;
				GCC_WARN_64_TO_32_BIT_CONVERSION = YES;
				GCC_WARN_ABOUT_RETURN_TYPE = YES_ERROR;
				GCC_WARN_UNDECLARED_SELECTOR = YES;
				GCC_WARN_UNINITIALIZED_AUTOS = YES_AGGRESSIVE;
				GCC_WARN_UNUSED_FUNCTION = YES;
				GCC_WARN_UNUSED_VARIABLE = YES;
				IPHONEOS_DEPLOYMENT_TARGET = 26.0;
				MTL_ENABLE_DEBUG_INFO = NO;
				MTL_FAST_MATH = YES;
				SDKROOT = iphoneos;
				SWIFT_COMPILATION_MODE = wholemodule;
				SWIFT_OPTIMIZATION_LEVEL = "-O";
				SWIFT_VERSION = 5.0;
				VALIDATE_PRODUCT = YES;
			};
			name = Release;
		};
/* End XCBuildConfiguration section */

/* Begin XCConfigurationList section */
		6F6E7F832C4A9B0500AA00AA /* Build configuration list for PBXProject "AudiobookPlayer" */ = {
			isa = XCConfigurationList;
			buildConfigurations = (
				6F6E7F872C4A9B0500AA00AA /* Debug */,
				6F6E7F882C4A9B0500AA00AA /* Release */,
			);
			defaultConfigurationIsVisible = 0;
			defaultConfigurationName = Release;
		};
		6F6E7F842C4A9B0500AA00AA /* Build configuration list for PBXNativeTarget "AudiobookPlayer" */ = {
			isa = XCConfigurationList;
			buildConfigurations = (
				6F6E7F852C4A9B0500AA00AA /* Debug */,
				6F6E7F862C4A9B0500AA00AA /* Release */,
			);
			defaultConfigurationIsVisible = 0;
			defaultConfigurationName = Release;
		};
/* End XCConfigurationList section */

/* Begin XCRemoteSwiftPackageReference section */
		8637370D2EBCF7120002CD46 /* XCRemoteSwiftPackageReference "GRDB.swift" */ = {
			isa = XCRemoteSwiftPackageReference;
			repositoryURL = "https://github.com/groue/GRDB.swift.git";
			requirement = {
				kind = upToNextMinorVersion;
				minimumVersion = 7.8.0;
			};
		};
/* End XCRemoteSwiftPackageReference section */

/* Begin XCSwiftPackageProductDependency section */
		8637370E2EBCF7120002CD46 /* GRDB */ = {
			isa = XCSwiftPackageProductDependency;
			package = 8637370D2EBCF7120002CD46 /* XCRemoteSwiftPackageReference "GRDB.swift" */;
			productName = GRDB;
		};
/* End XCSwiftPackageProductDependency section */
	};
	rootObject = 6F6E7F652C4A9B0500AA00AA /* Project object */;
}
