// !$*UTF8*$!
{
	archiveVersion = 1;
	classes = {
	};
	objectVersion = 60;
	objects = {

/* Begin PBXBuildFile section */
		08E8E02170624D2F97A9EDD9 /* CollectionDetailViewModel.swift in Sources */ = {isa = PBXBuildFile; fileRef = 688ACB11D5A942F29EFB2321 /* CollectionDetailViewModel.swift */; };
		21D6078C1E66EBED8BF5BE4C /* Pods_AudiobookPlayer.framework in Frameworks */ = {isa = PBXBuildFile; fileRef = 3BB2B29750B30BE81F3874A5 /* Pods_AudiobookPlayer.framework */; };
		5699532872F14F318BCED8CE /* CollectionBuilderViewModel.swift in Sources */ = {isa = PBXBuildFile; fileRef = F7432AE5D710401797665C14 /* CollectionBuilderViewModel.swift */; };
		6F6E7F6F2C4A9B0500AA00AA /* AudiobookPlayerApp.swift in Sources */ = {isa = PBXBuildFile; fileRef = 6F6E7F6E2C4A9B0500AA00AA /* AudiobookPlayerApp.swift */; };
		6F6E7F6F2C4A9B0500AA00AB /* BaiduOAuth.swift in Sources */ = {isa = PBXBuildFile; fileRef = 6F6E7F6E2C4A9B0500AA00AB /* BaiduOAuth.swift */; };
		6F6E7F712C4A9B0500AA00AA /* ContentView.swift in Sources */ = {isa = PBXBuildFile; fileRef = 6F6E7F702C4A9B0500AA00AA /* ContentView.swift */; };
		6F6E7F712C4A9B0500AA00AB /* BaiduAuthViewModel.swift in Sources */ = {isa = PBXBuildFile; fileRef = 6F6E7F702C4A9B0500AA00AB /* BaiduAuthViewModel.swift */; };
		6F6E7F732C4A9B0500AA00AA /* AudioPlayerViewModel.swift in Sources */ = {isa = PBXBuildFile; fileRef = 6F6E7F722C4A9B0500AA00AA /* AudioPlayerViewModel.swift */; };
		6F6E7F792C4A9B0500AA00AA /* AVFoundation.framework in Frameworks */ = {isa = PBXBuildFile; fileRef = 6F6E7F782C4A9B0500AA00AA /* AVFoundation.framework */; };
		6F6E7F7A2C4A9B0500AA00AA /* Assets.xcassets in Resources */ = {isa = PBXBuildFile; fileRef = 6F6E7F742C4A9B0500AA00AA /* Assets.xcassets */; };
		6F6E7F7B2C4A9B0500AA00AA /* Preview Assets.xcassets in Resources */ = {isa = PBXBuildFile; fileRef = 6F6E7F762C4A9B0500AA00AA /* Preview Assets.xcassets */; };
		6F99A0012C4C200000AA00AA /* BaiduTokenStore.swift in Sources */ = {isa = PBXBuildFile; fileRef = 6F99A0002C4C200000AA00AA /* BaiduTokenStore.swift */; };
		6F99A0032C4C200000AA00AA /* BaiduNetdiskClient.swift in Sources */ = {isa = PBXBuildFile; fileRef = 6F99A0022C4C200000AA00AA /* BaiduNetdiskClient.swift */; };
		6F99A0052C4C200000AA00AA /* BaiduNetdiskBrowserViewModel.swift in Sources */ = {isa = PBXBuildFile; fileRef = 6F99A0042C4C200000AA00AA /* BaiduNetdiskBrowserViewModel.swift */; };
		6F99A0072C4C200000AA00AA /* BaiduNetdiskBrowserView.swift in Sources */ = {isa = PBXBuildFile; fileRef = 6F99A0062C4C200000AA00AA /* BaiduNetdiskBrowserView.swift */; };
		6FC010012C5B0C0000AA00AA /* LibraryModels.swift in Sources */ = {isa = PBXBuildFile; fileRef = 6FC010002C5B0C0000AA00AA /* LibraryModels.swift */; };
		6FC010032C5B0C0000AA00AA /* LibraryStore.swift in Sources */ = {isa = PBXBuildFile; fileRef = 6FC010022C5B0C0000AA00AA /* LibraryStore.swift */; };
		6FC010052C5B0C0000AA00AA /* LibraryView.swift in Sources */ = {isa = PBXBuildFile; fileRef = 6FC010042C5B0C0000AA00AA /* LibraryView.swift */; };
		6FC010072C5B0C0000AA00AA /* SourcesView.swift in Sources */ = {isa = PBXBuildFile; fileRef = 6FC010062C5B0C0000AA00AA /* SourcesView.swift */; };
		6FC010092C5B0C0000AA00AA /* CollectionDetailView.swift in Sources */ = {isa = PBXBuildFile; fileRef = 6FC010082C5B0C0000AA00AA /* CollectionDetailView.swift */; };
		6FC0100B2C5B0C0000AA00AA /* TrackPickerView.swift in Sources */ = {isa = PBXBuildFile; fileRef = 6FC0100A2C5B0C0000AA00AA /* TrackPickerView.swift */; };
		6FC0101C2C5B0C0000AA00AA /* CloudKitLibrarySync.swift in Sources */ = {isa = PBXBuildFile; fileRef = 6FC0101B2C5B0C0000AA00AA /* CloudKitLibrarySync.swift */; };
		6FC0200D2C5B0C0000AA00AA /* Localizable.strings in Resources */ = {isa = PBXBuildFile; fileRef = 6FC0200A2C5B0C0000AA00AA /* Localizable.strings */; };
		6FD0A0022C5B0C0000AA00AB /* AudioCacheManager.swift in Sources */ = {isa = PBXBuildFile; fileRef = 6FD0A0012C5B0C0000AA00AB /* AudioCacheManager.swift */; };
		6FD0A0042C5B0C0000AA00AB /* CachedAudioAsset.swift in Sources */ = {isa = PBXBuildFile; fileRef = 6FD0A0032C5B0C0000AA00AB /* CachedAudioAsset.swift */; };
		8603AC062EDAF98D00889565 /* EdgeTTSClient.swift in Sources */ = {isa = PBXBuildFile; fileRef = 8603AC012EDAF98D00889565 /* EdgeTTSClient.swift */; };
		8603AC072EDAF98D00889565 /* FloatingBubbleWindowManager.swift in Sources */ = {isa = PBXBuildFile; fileRef = 8603AC042EDAF98D00889565 /* FloatingBubbleWindowManager.swift */; };
		8603AC082EDAF98D00889565 /* EpubParser.swift in Sources */ = {isa = PBXBuildFile; fileRef = 8603AC032EDAF98D00889565 /* EpubParser.swift */; };
		8603AC092EDAF98D00889565 /* EdgeTTSView.swift in Sources */ = {isa = PBXBuildFile; fileRef = 8603AC022EDAF98D00889565 /* EdgeTTSView.swift */; };
		8603AC0A2EDAF98D00889565 /* SonioxSTTView.swift in Sources */ = {isa = PBXBuildFile; fileRef = 8603AC052EDAF98D00889565 /* SonioxSTTView.swift */; };
		8603AC0C2EDB648F00889565 /* EbookReaderView.swift in Sources */ = {isa = PBXBuildFile; fileRef = 8603AC0B2EDB648F00889565 /* EbookReaderView.swift */; };
		8603AC0E2EDB71EF00889565 /* CreateEbookCollectionView.swift in Sources */ = {isa = PBXBuildFile; fileRef = 8603AC0D2EDB71EE00889565 /* CreateEbookCollectionView.swift */; };
		8603AC102EDC139B00889565 /* StorageManagementView.swift in Sources */ = {isa = PBXBuildFile; fileRef = 8603AC0F2EDC139B00889565 /* StorageManagementView.swift */; };
		8603AC122EDC550000889565 /* STTJobsListView.swift in Sources */ = {isa = PBXBuildFile; fileRef = 8603AC112EDC550000889565 /* STTJobsListView.swift */; };
		8603AC142EDCA72000889565 /* VideoPlayerSheet.swift in Sources */ = {isa = PBXBuildFile; fileRef = 8603AC132EDCA72000889565 /* VideoPlayerSheet.swift */; };
		8603AC162EDCA76200889565 /* PlayableMediaFormat.swift in Sources */ = {isa = PBXBuildFile; fileRef = 8603AC152EDCA76200889565 /* PlayableMediaFormat.swift */; };
		8603AC1A2EDDF0D100889565 /* TTSJobProgressSheet.swift in Sources */ = {isa = PBXBuildFile; fileRef = 8603AC192EDDF0D100889565 /* TTSJobProgressSheet.swift */; };
		86056E582EFEAE2E00A427F7 /* Logging.swift in Sources */ = {isa = PBXBuildFile; fileRef = 86056E572EFEAE2E00A427F7 /* Logging.swift */; };
		8617DDE82EBE0A26006E7CA7 /* Localizable.xcstrings in Resources */ = {isa = PBXBuildFile; fileRef = 8617DDE22EBE0A26006E7CA7 /* Localizable.xcstrings */; };
		8617DDE92EBE0A26006E7CA7 /* DatabaseConfig.swift in Sources */ = {isa = PBXBuildFile; fileRef = 8617DDDF2EBE0A26006E7CA7 /* DatabaseConfig.swift */; };
		8617DDEA2EBE0A26006E7CA7 /* AIGatewayClient.swift in Sources */ = {isa = PBXBuildFile; fileRef = 8617DDD92EBE0A26006E7CA7 /* AIGatewayClient.swift */; };
		8617DDEB2EBE0A26006E7CA7 /* BackgroundTranscriptionManager.swift in Sources */ = {isa = PBXBuildFile; fileRef = 8617DDDE2EBE0A26006E7CA7 /* BackgroundTranscriptionManager.swift */; };
		8617DDEC2EBE0A26006E7CA7 /* TranscriptionDatabaseSchema.swift in Sources */ = {isa = PBXBuildFile; fileRef = 8617DDE42EBE0A26006E7CA7 /* TranscriptionDatabaseSchema.swift */; };
		8617DDED2EBE0A26006E7CA7 /* AIGatewayKeychainStore.swift in Sources */ = {isa = PBXBuildFile; fileRef = 8617DDDA2EBE0A26006E7CA7 /* AIGatewayKeychainStore.swift */; };
		8617DDEE2EBE0A26006E7CA7 /* SonioxAPI.swift in Sources */ = {isa = PBXBuildFile; fileRef = 8617DDE32EBE0A26006E7CA7 /* SonioxAPI.swift */; };
		8617DDF02EBE0A26006E7CA7 /* TranscriptionSheet.swift in Sources */ = {isa = PBXBuildFile; fileRef = 8617DDE62EBE0A26006E7CA7 /* TranscriptionSheet.swift */; };
		8617DDF12EBE0A26006E7CA7 /* TranscriptModels.swift in Sources */ = {isa = PBXBuildFile; fileRef = 8617DDE72EBE0A26006E7CA7 /* TranscriptModels.swift */; };
		8617DDF22EBE0A26006E7CA7 /* GRDBDatabaseManager.swift in Sources */ = {isa = PBXBuildFile; fileRef = 8617DDE12EBE0A26006E7CA7 /* GRDBDatabaseManager.swift */; };
		8617DDF32EBE0A26006E7CA7 /* AIGatewayModels.swift in Sources */ = {isa = PBXBuildFile; fileRef = 8617DDDB2EBE0A26006E7CA7 /* AIGatewayModels.swift */; };
		8617DDF42EBE0A26006E7CA7 /* DatabaseSchema.swift in Sources */ = {isa = PBXBuildFile; fileRef = 8617DDE02EBE0A26006E7CA7 /* DatabaseSchema.swift */; };
		8617DDF52EBE0A26006E7CA7 /* TranscriptionManager.swift in Sources */ = {isa = PBXBuildFile; fileRef = 8617DDE52EBE0A26006E7CA7 /* TranscriptionManager.swift */; };
		8617DDF62EBE0A26006E7CA7 /* AIGatewayViewModel.swift in Sources */ = {isa = PBXBuildFile; fileRef = 8617DDDC2EBE0A26006E7CA7 /* AIGatewayViewModel.swift */; };
		862956FF2EE58AA9006ABE75 /* CollectionImportService.swift in Sources */ = {isa = PBXBuildFile; fileRef = 862956FD2EE58AA9006ABE75 /* CollectionImportService.swift */; };
		862957002EE58AA9006ABE75 /* AddRSSCollectionView.swift in Sources */ = {isa = PBXBuildFile; fileRef = 862956FC2EE58AA9006ABE75 /* AddRSSCollectionView.swift */; };
		862957012EE58AA9006ABE75 /* RSSParser.swift in Sources */ = {isa = PBXBuildFile; fileRef = 862956FE2EE58AA9006ABE75 /* RSSParser.swift */; };
		862957032EE5FC7A006ABE75 /* CollectionReviewView.swift in Sources */ = {isa = PBXBuildFile; fileRef = 862957022EE5FC7A006ABE75 /* CollectionReviewView.swift */; };
		862957102EE80C42006ABE75 /* AliyunNetdiskBrowserViewModel.swift in Sources */ = {isa = PBXBuildFile; fileRef = 8629570C2EE80C41006ABE75 /* AliyunNetdiskBrowserViewModel.swift */; };
		862957112EE80C42006ABE75 /* AliyunNetdiskBrowserView.swift in Sources */ = {isa = PBXBuildFile; fileRef = 8629570B2EE80C41006ABE75 /* AliyunNetdiskBrowserView.swift */; };
		862957122EE80C42006ABE75 /* AliyunNetdiskClient.swift in Sources */ = {isa = PBXBuildFile; fileRef = 8629570D2EE80C41006ABE75 /* AliyunNetdiskClient.swift */; };
		862957132EE80C42006ABE75 /* AliyunTokenStore.swift in Sources */ = {isa = PBXBuildFile; fileRef = 8629570F2EE80C41006ABE75 /* AliyunTokenStore.swift */; };
		862957142EE80C42006ABE75 /* AliyunOAuth.swift in Sources */ = {isa = PBXBuildFile; fileRef = 8629570E2EE80C41006ABE75 /* AliyunOAuth.swift */; };
		862957152EE80C42006ABE75 /* AliyunAuthViewModel.swift in Sources */ = {isa = PBXBuildFile; fileRef = 8629570A2EE80C41006ABE75 /* AliyunAuthViewModel.swift */; };
		8637370F2EBCF7120002CD46 /* GRDB in Frameworks */ = {isa = PBXBuildFile; productRef = 8637370E2EBCF7120002CD46 /* GRDB */; };
		864BF08E2EEBFE2A00F9179C /* PlaybackIntents.swift in Sources */ = {isa = PBXBuildFile; fileRef = 864BF08D2EEBFE2A00F9179C /* PlaybackIntents.swift */; };
		864C259C2EFA900A005ECA64 /* ArchivedCollectionsView.swift in Sources */ = {isa = PBXBuildFile; fileRef = 864C259B2EFA900A005ECA64 /* ArchivedCollectionsView.swift */; };
		864C25A12EFBE15A005ECA64 /* ThemeSelectionView.swift in Sources */ = {isa = PBXBuildFile; fileRef = 864C25A02EFBE15A005ECA64 /* ThemeSelectionView.swift */; };
		864C25A22EFBE15A005ECA64 /* ThemeManager.swift in Sources */ = {isa = PBXBuildFile; fileRef = 864C259F2EFBE15A005ECA64 /* ThemeManager.swift */; };
		864C25A42EFBE546005ECA64 /* SnowfallView.swift in Sources */ = {isa = PBXBuildFile; fileRef = 864C25A32EFBE546005ECA64 /* SnowfallView.swift */; };
		867C6FC92EF3A71200A8FE74 /* VLCVideoPlayerView.swift in Sources */ = {isa = PBXBuildFile; fileRef = 867C6FC82EF3A71200A8FE74 /* VLCVideoPlayerView.swift */; };
		868447162F018E0700962FC4 /* RemoteJobsStore.swift in Sources */ = {isa = PBXBuildFile; fileRef = 868447142F018E0700962FC4 /* RemoteJobsStore.swift */; };
		868447172F018E0700962FC4 /* RemoteJobsView.swift in Sources */ = {isa = PBXBuildFile; fileRef = 868447152F018E0700962FC4 /* RemoteJobsView.swift */; };
		868447192F02723700962FC4 /* RemoteJobsClient.swift in Sources */ = {isa = PBXBuildFile; fileRef = 868447182F02723700962FC4 /* RemoteJobsClient.swift */; };
		868447202F04C6A700962FC4 /* TrackChatContextBuilder.swift in Sources */ = {isa = PBXBuildFile; fileRef = 8684471A2F04C6A700962FC4 /* TrackChatContextBuilder.swift */; };
		868447212F04C6A700962FC4 /* TrackChatViewModel.swift in Sources */ = {isa = PBXBuildFile; fileRef = 8684471F2F04C6A700962FC4 /* TrackChatViewModel.swift */; };
		868447222F04C6A700962FC4 /* TrackChatDatabaseSchema.swift in Sources */ = {isa = PBXBuildFile; fileRef = 8684471B2F04C6A700962FC4 /* TrackChatDatabaseSchema.swift */; };
		868447232F04C6A700962FC4 /* TrackChatStore.swift in Sources */ = {isa = PBXBuildFile; fileRef = 8684471D2F04C6A700962FC4 /* TrackChatStore.swift */; };
		868447242F04C6A700962FC4 /* TrackChatView.swift in Sources */ = {isa = PBXBuildFile; fileRef = 8684471E2F04C6A700962FC4 /* TrackChatView.swift */; };
		868447252F04C6A700962FC4 /* TrackChatModels.swift in Sources */ = {isa = PBXBuildFile; fileRef = 8684471C2F04C6A700962FC4 /* TrackChatModels.swift */; };
		8685F3602EBE17D6003D8173 /* SonioxKeychainStore.swift in Sources */ = {isa = PBXBuildFile; fileRef = 8685F35E2EBE17D5003D8173 /* SonioxKeychainStore.swift */; };
		8685F3612EBE17D6003D8173 /* SonioxKeyViewModel.swift in Sources */ = {isa = PBXBuildFile; fileRef = 8685F35F2EBE17D5003D8173 /* SonioxKeyViewModel.swift */; };
		8685F3632EBE204F003D8173 /* TemporaryPlaybackContext.swift in Sources */ = {isa = PBXBuildFile; fileRef = 8685F3622EBE204F003D8173 /* TemporaryPlaybackContext.swift */; };
		8685F3692EBF3607003D8173 /* TranscriptionProgressOverlay.swift in Sources */ = {isa = PBXBuildFile; fileRef = 8685F3652EBF3607003D8173 /* TranscriptionProgressOverlay.swift */; };
		8685F36A2EBF3607003D8173 /* TranscriptViewerSheet.swift in Sources */ = {isa = PBXBuildFile; fileRef = 8685F3672EBF3607003D8173 /* TranscriptViewerSheet.swift */; };
		8685F36B2EBF3607003D8173 /* TranscriptionRetryManager.swift in Sources */ = {isa = PBXBuildFile; fileRef = 8685F3662EBF3607003D8173 /* TranscriptionRetryManager.swift */; };
		8685F36C2EBF3607003D8173 /* TranscriptionJobManager.swift in Sources */ = {isa = PBXBuildFile; fileRef = 8685F3642EBF3607003D8173 /* TranscriptionJobManager.swift */; };
		8685F36D2EBF3607003D8173 /* TranscriptViewModel.swift in Sources */ = {isa = PBXBuildFile; fileRef = 8685F3682EBF3607003D8173 /* TranscriptViewModel.swift */; };
		8685F36F2EBF3813003D8173 /* AITabView.swift in Sources */ = {isa = PBXBuildFile; fileRef = 8685F36E2EBF3813003D8173 /* AITabView.swift */; };
		869F06B52ED5B2E100B79131 /* TranscriptSegmentManager.swift in Sources */ = {isa = PBXBuildFile; fileRef = 869F06B42ED5B2E100B79131 /* TranscriptSegmentManager.swift */; };
		869F06B72ED5B2E100B79131 /* TranscriptCorrectionStore.swift in Sources */ = {isa = PBXBuildFile; fileRef = 869F06B12ED5B2E100B79131 /* TranscriptCorrectionStore.swift */; };
		869F06B82ED5B2E100B79131 /* TranscriptCorrectionViewModel.swift in Sources */ = {isa = PBXBuildFile; fileRef = 869F06B32ED5B2E100B79131 /* TranscriptCorrectionViewModel.swift */; };
		869F06BA2ED5CF5200B79131 /* TranscriptCorrectionsCard.swift in Sources */ = {isa = PBXBuildFile; fileRef = 869F06B92ED5CF5200B79131 /* TranscriptCorrectionsCard.swift */; };
		869F06BE2ED6200A00B79131 /* TranscriptCorrectionsView.swift in Sources */ = {isa = PBXBuildFile; fileRef = 869F06BD2ED6200A00B79131 /* TranscriptCorrectionsView.swift */; };
		86AD83AC2EB9AD5200FAB6DF /* CacheProgressTracker.swift in Sources */ = {isa = PBXBuildFile; fileRef = 86AD83AB2EB9AD5100FAB6DF /* CacheProgressTracker.swift */; };
		86AD83AD2EB9AD5200FAB6DF /* AudioCacheDownloadManager.swift in Sources */ = {isa = PBXBuildFile; fileRef = 86AD83AA2EB9AD5100FAB6DF /* AudioCacheDownloadManager.swift */; };
		86B633542ED94E8100A04510 /* AboutView.swift in Sources */ = {isa = PBXBuildFile; fileRef = 86B633522ED94E8100A04510 /* AboutView.swift */; };
		86B633552ED94E8100A04510 /* AppInfo.swift in Sources */ = {isa = PBXBuildFile; fileRef = 86B633532ED94E8100A04510 /* AppInfo.swift */; };
		86C5F7012F0AFA4300647B2C /* AITranscriptRepair.swift in Sources */ = {isa = PBXBuildFile; fileRef = 86C5F7002F0AFA4300647B2C /* AITranscriptRepair.swift */; };
		86E5CFEF2ECDC51D00CE62A1 /* TrackSummaryStore.swift in Sources */ = {isa = PBXBuildFile; fileRef = 86E5CFEE2ECDC51D00CE62A1 /* TrackSummaryStore.swift */; };
		86E5CFF02ECDC51D00CE62A1 /* TrackSummaryDatabaseSchema.swift in Sources */ = {isa = PBXBuildFile; fileRef = 86E5CFED2ECDC51D00CE62A1 /* TrackSummaryDatabaseSchema.swift */; };
		86E5CFF22ECEB62900CE62A1 /* FloatingPlaybackBubbleViewModel.swift in Sources */ = {isa = PBXBuildFile; fileRef = 86E5CFF12ECEB62900CE62A1 /* FloatingPlaybackBubbleViewModel.swift */; };
		86E5CFF42ECEB76F00CE62A1 /* FloatingPlaybackBubbleView.swift in Sources */ = {isa = PBXBuildFile; fileRef = 86E5CFF32ECEB76F00CE62A1 /* FloatingPlaybackBubbleView.swift */; };
		86E5CFF62ECEB8CA00CE62A1 /* Color+Hex.swift in Sources */ = {isa = PBXBuildFile; fileRef = 86E5CFF52ECEB8CA00CE62A1 /* Color+Hex.swift */; };
		86E5CFF82ECEFBFD00CE62A1 /* AIGatewayReasoning.swift in Sources */ = {isa = PBXBuildFile; fileRef = 86E5CFF72ECEFBFD00CE62A1 /* AIGatewayReasoning.swift */; };
		86E5CFFD2ED0458600CE62A1 /* AIJobsListView.swift in Sources */ = {isa = PBXBuildFile; fileRef = 86E5CFFB2ED0458600CE62A1 /* AIJobsListView.swift */; };
		86E5CFFE2ED0458600CE62A1 /* AIModelsListView.swift in Sources */ = {isa = PBXBuildFile; fileRef = 86E5CFFC2ED0458600CE62A1 /* AIModelsListView.swift */; };
		86E5D0012ED054E200CE62A1 /* TTSJobsListView.swift in Sources */ = {isa = PBXBuildFile; fileRef = 86E5CFFF2ED054E200CE62A1 /* TTSJobsListView.swift */; };
		86E5D0042ED05DC800CE62A1 /* PreviewData.swift in Sources */ = {isa = PBXBuildFile; fileRef = 86E5D0032ED05DC800CE62A1 /* PreviewData.swift */; };
		86E5D1022ECDC8C400CE62A1 /* TrackSummaryGenerator.swift in Sources */ = {isa = PBXBuildFile; fileRef = 86E5D1012ECDC8C400CE62A1 /* TrackSummaryGenerator.swift */; };
		86E5D1132ECDCB1100CE62A1 /* TrackSummaryViewModel.swift in Sources */ = {isa = PBXBuildFile; fileRef = 86E5D1122ECDCB1100CE62A1 /* TrackSummaryViewModel.swift */; };
		86E5D1152ECDCB1100CE62A1 /* TrackSummaryCard.swift in Sources */ = {isa = PBXBuildFile; fileRef = 86E5D1142ECDCB1100CE62A1 /* TrackSummaryCard.swift */; };
		86E70EA32ED230C0002BCEA0 /* PlaybackSpeedControl.swift in Sources */ = {isa = PBXBuildFile; fileRef = 86E70EA22ED230C0002BCEA0 /* PlaybackSpeedControl.swift */; };
		86E70EA52ED408C7002BCEA0 /* BatchRenameView.swift in Sources */ = {isa = PBXBuildFile; fileRef = 86E70EA42ED408C7002BCEA0 /* BatchRenameView.swift */; };
		86FC75842EC7244600E7AEB8 /* UserDataBackupManager.swift in Sources */ = {isa = PBXBuildFile; fileRef = 86FC75832EC7244600E7AEB8 /* UserDataBackupManager.swift */; };
		86FD8E012ED6E0AB002A2036 /* PersonalView.swift in Sources */ = {isa = PBXBuildFile; fileRef = 86FD8DFF2ED6E0AB002A2036 /* PersonalView.swift */; };
		86FD8E022ED6E0AB002A2036 /* SmartView.swift in Sources */ = {isa = PBXBuildFile; fileRef = 86FD8E002ED6E0AB002A2036 /* SmartView.swift */; };
		86FD8E042ED6E9A7002A2036 /* ListeningHistory.swift in Sources */ = {isa = PBXBuildFile; fileRef = 86FD8E032ED6E9A7002A2036 /* ListeningHistory.swift */; };
		86FD8E072ED6F314002A2036 /* ListeningStatistic.swift in Sources */ = {isa = PBXBuildFile; fileRef = 86FD8E052ED6F314002A2036 /* ListeningStatistic.swift */; };
		86FD8E082ED6F314002A2036 /* ListeningStatisticsView.swift in Sources */ = {isa = PBXBuildFile; fileRef = 86FD8E062ED6F314002A2036 /* ListeningStatisticsView.swift */; };
		86FE17562EBFC7F200027E93 /* test-1min.mp3 in Resources */ = {isa = PBXBuildFile; fileRef = 86FE17552EBFC7F200027E93 /* test-1min.mp3 */; };
		86FE175C2EC20F6500027E93 /* SettingsTabView.swift in Sources */ = {isa = PBXBuildFile; fileRef = 86FE175B2EC20F6400027E93 /* SettingsTabView.swift */; };
		86FE175D2EC20F6500027E93 /* DownloadButton.swift in Sources */ = {isa = PBXBuildFile; fileRef = 86FE175A2EC20F6400027E93 /* DownloadButton.swift */; };
		86FE175E2EC20F6500027E93 /* CacheManagementView.swift in Sources */ = {isa = PBXBuildFile; fileRef = 86FE17592EC20F6400027E93 /* CacheManagementView.swift */; };
		86FE17602EC2531500027E93 /* ProviderIconView.swift in Sources */ = {isa = PBXBuildFile; fileRef = 86FE175F2EC2531500027E93 /* ProviderIconView.swift */; };
		8C82E0B6952141999D8C4DC4 /* Views/SelectionListView.swift in Sources */ = {isa = PBXBuildFile; fileRef = DAFADB082A384DC9ACA621D5 /* Views/SelectionListView.swift */; };
		A1B2C3D52FEB123400000001 /* FavoriteToggleButton.swift in Sources */ = {isa = PBXBuildFile; fileRef = A1B2C3D42FEB123400000001 /* FavoriteToggleButton.swift */; };
		A1B2C3D72FEB123400000002 /* FavoriteTracksView.swift in Sources */ = {isa = PBXBuildFile; fileRef = A1B2C3D62FEB123400000002 /* FavoriteTracksView.swift */; };
		B1C5E0A22F12300000AAA001 /* InfoPlist.strings in Resources */ = {isa = PBXBuildFile; fileRef = B1C5E09F2F12300000AAA001 /* InfoPlist.strings */; };
		B6E1C0032F10B4B900C2ABF1 /* ZIPFoundation in Frameworks */ = {isa = PBXBuildFile; productRef = B6E1C0022F10B4B900C2ABF1 /* ZIPFoundation */; };
		C5E631AC2F1B000100AA0001 /* AIGenerationDatabaseSchema.swift in Sources */ = {isa = PBXBuildFile; fileRef = C5E631A42F1B000100AA0001 /* AIGenerationDatabaseSchema.swift */; };
		C5E631BC2F1B000100AA0001 /* AIGenerationJob.swift in Sources */ = {isa = PBXBuildFile; fileRef = C5E631B42F1B000100AA0001 /* AIGenerationJob.swift */; };
		C5E631CC2F1B000100AA0001 /* AIGenerationJobManager.swift in Sources */ = {isa = PBXBuildFile; fileRef = C5E631C42F1B000100AA0001 /* AIGenerationJobManager.swift */; };
		C5E631DC2F1B000100AA0001 /* AIGenerationJobExecutor.swift in Sources */ = {isa = PBXBuildFile; fileRef = C5E631D42F1B000100AA0001 /* AIGenerationJobExecutor.swift */; };
		C5E631EC2F1B000100AA0001 /* AIGenerationManager.swift in Sources */ = {isa = PBXBuildFile; fileRef = C5E631E42F1B000100AA0001 /* AIGenerationManager.swift */; };
		C5E632042F1B000100AA0001 /* AIGenerationJobDetailView.swift in Sources */ = {isa = PBXBuildFile; fileRef = C5E632032F1B000100AA0001 /* AIGenerationJobDetailView.swift */; };
		D0C0FFEB2F4B8A1A00C0FF01 /* Views/CollectionRefreshReviewView.swift in Sources */ = {isa = PBXBuildFile; fileRef = D0C0FFEA2F4B8A1A00C0FF01 /* Views/CollectionRefreshReviewView.swift */; };
		D3A1F7BA2F3A1C1100ABCDEF /* PlaybackClock.swift in Sources */ = {isa = PBXBuildFile; fileRef = D3A1F7B92F3A1C1100ABCDEF /* PlaybackClock.swift */; };
		E348980BBC3F438AA2C8C842 /* CreateCollectionView.swift in Sources */ = {isa = PBXBuildFile; fileRef = 2B0FA3F1E49445F18F94583C /* CreateCollectionView.swift */; };
/* End PBXBuildFile section */

/* Begin PBXFileReference section */
		1DFF1CFD3E0AD5324953C09A /* Pods-AudiobookPlayer.debug.xcconfig */ = {isa = PBXFileReference; includeInIndex = 1; lastKnownFileType = text.xcconfig; name = "Pods-AudiobookPlayer.debug.xcconfig"; path = "Target Support Files/Pods-AudiobookPlayer/Pods-AudiobookPlayer.debug.xcconfig"; sourceTree = "<group>"; };
		2B0FA3F1E49445F18F94583C /* CreateCollectionView.swift */ = {isa = PBXFileReference; lastKnownFileType = sourcecode.swift; path = CreateCollectionView.swift; sourceTree = "<group>"; };
		3BB2B29750B30BE81F3874A5 /* Pods_AudiobookPlayer.framework */ = {isa = PBXFileReference; explicitFileType = wrapper.framework; includeInIndex = 0; path = Pods_AudiobookPlayer.framework; sourceTree = BUILT_PRODUCTS_DIR; };
		688ACB11D5A942F29EFB2321 /* CollectionDetailViewModel.swift */ = {isa = PBXFileReference; lastKnownFileType = sourcecode.swift; path = CollectionDetailViewModel.swift; sourceTree = "<group>"; };
		6F6E7F6E2C4A9B0500AA00AA /* AudiobookPlayerApp.swift */ = {isa = PBXFileReference; lastKnownFileType = sourcecode.swift; path = AudiobookPlayerApp.swift; sourceTree = "<group>"; };
		6F6E7F6E2C4A9B0500AA00AB /* BaiduOAuth.swift */ = {isa = PBXFileReference; lastKnownFileType = sourcecode.swift; path = BaiduOAuth.swift; sourceTree = "<group>"; };
		6F6E7F702C4A9B0500AA00AA /* ContentView.swift */ = {isa = PBXFileReference; lastKnownFileType = sourcecode.swift; path = ContentView.swift; sourceTree = "<group>"; };
		6F6E7F702C4A9B0500AA00AB /* BaiduAuthViewModel.swift */ = {isa = PBXFileReference; lastKnownFileType = sourcecode.swift; path = BaiduAuthViewModel.swift; sourceTree = "<group>"; };
		6F6E7F722C4A9B0500AA00AA /* AudioPlayerViewModel.swift */ = {isa = PBXFileReference; lastKnownFileType = sourcecode.swift; path = AudioPlayerViewModel.swift; sourceTree = "<group>"; };
		6F6E7F742C4A9B0500AA00AA /* Assets.xcassets */ = {isa = PBXFileReference; lastKnownFileType = folder.assetcatalog; path = Assets.xcassets; sourceTree = "<group>"; };
		6F6E7F762C4A9B0500AA00AA /* Preview Assets.xcassets */ = {isa = PBXFileReference; lastKnownFileType = folder.assetcatalog; path = "Preview Assets.xcassets"; sourceTree = "<group>"; };
		6F6E7F772C4A9B0500AA00AA /* Info.plist */ = {isa = PBXFileReference; lastKnownFileType = text.plist.xml; path = Info.plist; sourceTree = "<group>"; };
		6F6E7F782C4A9B0500AA00AA /* AVFoundation.framework */ = {isa = PBXFileReference; lastKnownFileType = wrapper.framework; name = AVFoundation.framework; path = System/Library/Frameworks/AVFoundation.framework; sourceTree = SDKROOT; };
		6F6E7F802C4A9B0500AA00AA /* HappyBear.app */ = {isa = PBXFileReference; explicitFileType = wrapper.application; includeInIndex = 0; path = HappyBear.app; sourceTree = BUILT_PRODUCTS_DIR; };
		6F99A0002C4C200000AA00AA /* BaiduTokenStore.swift */ = {isa = PBXFileReference; lastKnownFileType = sourcecode.swift; path = BaiduTokenStore.swift; sourceTree = "<group>"; };
		6F99A0022C4C200000AA00AA /* BaiduNetdiskClient.swift */ = {isa = PBXFileReference; lastKnownFileType = sourcecode.swift; path = BaiduNetdiskClient.swift; sourceTree = "<group>"; };
		6F99A0042C4C200000AA00AA /* BaiduNetdiskBrowserViewModel.swift */ = {isa = PBXFileReference; lastKnownFileType = sourcecode.swift; path = BaiduNetdiskBrowserViewModel.swift; sourceTree = "<group>"; };
		6F99A0062C4C200000AA00AA /* BaiduNetdiskBrowserView.swift */ = {isa = PBXFileReference; lastKnownFileType = sourcecode.swift; path = BaiduNetdiskBrowserView.swift; sourceTree = "<group>"; };
		6FC010002C5B0C0000AA00AA /* LibraryModels.swift */ = {isa = PBXFileReference; lastKnownFileType = sourcecode.swift; path = LibraryModels.swift; sourceTree = "<group>"; };
		6FC010022C5B0C0000AA00AA /* LibraryStore.swift */ = {isa = PBXFileReference; lastKnownFileType = sourcecode.swift; path = LibraryStore.swift; sourceTree = "<group>"; };
		6FC010042C5B0C0000AA00AA /* LibraryView.swift */ = {isa = PBXFileReference; lastKnownFileType = sourcecode.swift; path = LibraryView.swift; sourceTree = "<group>"; };
		6FC010062C5B0C0000AA00AA /* SourcesView.swift */ = {isa = PBXFileReference; lastKnownFileType = sourcecode.swift; path = SourcesView.swift; sourceTree = "<group>"; };
		6FC010082C5B0C0000AA00AA /* CollectionDetailView.swift */ = {isa = PBXFileReference; lastKnownFileType = sourcecode.swift; path = CollectionDetailView.swift; sourceTree = "<group>"; };
		6FC0100A2C5B0C0000AA00AA /* TrackPickerView.swift */ = {isa = PBXFileReference; lastKnownFileType = sourcecode.swift; path = TrackPickerView.swift; sourceTree = "<group>"; };
		6FC0101B2C5B0C0000AA00AA /* CloudKitLibrarySync.swift */ = {isa = PBXFileReference; lastKnownFileType = sourcecode.swift; path = CloudKitLibrarySync.swift; sourceTree = "<group>"; };
		6FD0A0012C5B0C0000AA00AB /* AudioCacheManager.swift */ = {isa = PBXFileReference; lastKnownFileType = sourcecode.swift; path = AudioCacheManager.swift; sourceTree = "<group>"; };
		6FD0A0032C5B0C0000AA00AB /* CachedAudioAsset.swift */ = {isa = PBXFileReference; lastKnownFileType = sourcecode.swift; path = CachedAudioAsset.swift; sourceTree = "<group>"; };
		8603AC012EDAF98D00889565 /* EdgeTTSClient.swift */ = {isa = PBXFileReference; lastKnownFileType = sourcecode.swift; path = EdgeTTSClient.swift; sourceTree = "<group>"; };
		8603AC022EDAF98D00889565 /* EdgeTTSView.swift */ = {isa = PBXFileReference; lastKnownFileType = sourcecode.swift; path = EdgeTTSView.swift; sourceTree = "<group>"; };
		8603AC032EDAF98D00889565 /* EpubParser.swift */ = {isa = PBXFileReference; lastKnownFileType = sourcecode.swift; path = EpubParser.swift; sourceTree = "<group>"; };
		8603AC042EDAF98D00889565 /* FloatingBubbleWindowManager.swift */ = {isa = PBXFileReference; lastKnownFileType = sourcecode.swift; path = FloatingBubbleWindowManager.swift; sourceTree = "<group>"; };
		8603AC052EDAF98D00889565 /* SonioxSTTView.swift */ = {isa = PBXFileReference; lastKnownFileType = sourcecode.swift; path = SonioxSTTView.swift; sourceTree = "<group>"; };
		8603AC0B2EDB648F00889565 /* EbookReaderView.swift */ = {isa = PBXFileReference; lastKnownFileType = sourcecode.swift; path = EbookReaderView.swift; sourceTree = "<group>"; };
		8603AC0D2EDB71EE00889565 /* CreateEbookCollectionView.swift */ = {isa = PBXFileReference; lastKnownFileType = sourcecode.swift; path = CreateEbookCollectionView.swift; sourceTree = "<group>"; };
		8603AC0F2EDC139B00889565 /* StorageManagementView.swift */ = {isa = PBXFileReference; lastKnownFileType = sourcecode.swift; path = StorageManagementView.swift; sourceTree = "<group>"; };
		8603AC112EDC550000889565 /* STTJobsListView.swift */ = {isa = PBXFileReference; lastKnownFileType = sourcecode.swift; path = STTJobsListView.swift; sourceTree = "<group>"; };
		8603AC132EDCA72000889565 /* VideoPlayerSheet.swift */ = {isa = PBXFileReference; lastKnownFileType = sourcecode.swift; path = VideoPlayerSheet.swift; sourceTree = "<group>"; };
		8603AC152EDCA76200889565 /* PlayableMediaFormat.swift */ = {isa = PBXFileReference; lastKnownFileType = sourcecode.swift; path = PlayableMediaFormat.swift; sourceTree = "<group>"; };
		8603AC192EDDF0D100889565 /* TTSJobProgressSheet.swift */ = {isa = PBXFileReference; lastKnownFileType = sourcecode.swift; path = TTSJobProgressSheet.swift; sourceTree = "<group>"; };
		86056E572EFEAE2E00A427F7 /* Logging.swift */ = {isa = PBXFileReference; lastKnownFileType = sourcecode.swift; path = Logging.swift; sourceTree = "<group>"; };
		8617DDD92EBE0A26006E7CA7 /* AIGatewayClient.swift */ = {isa = PBXFileReference; lastKnownFileType = sourcecode.swift; path = AIGatewayClient.swift; sourceTree = "<group>"; };
		8617DDDA2EBE0A26006E7CA7 /* AIGatewayKeychainStore.swift */ = {isa = PBXFileReference; lastKnownFileType = sourcecode.swift; path = AIGatewayKeychainStore.swift; sourceTree = "<group>"; };
		8617DDDB2EBE0A26006E7CA7 /* AIGatewayModels.swift */ = {isa = PBXFileReference; lastKnownFileType = sourcecode.swift; path = AIGatewayModels.swift; sourceTree = "<group>"; };
		8617DDDC2EBE0A26006E7CA7 /* AIGatewayViewModel.swift */ = {isa = PBXFileReference; lastKnownFileType = sourcecode.swift; path = AIGatewayViewModel.swift; sourceTree = "<group>"; };
		8617DDDD2EBE0A26006E7CA7 /* AITabView.swift */ = {isa = PBXFileReference; lastKnownFileType = sourcecode.swift; path = AITabView.swift; sourceTree = "<group>"; };
		8617DDDE2EBE0A26006E7CA7 /* BackgroundTranscriptionManager.swift */ = {isa = PBXFileReference; lastKnownFileType = sourcecode.swift; path = BackgroundTranscriptionManager.swift; sourceTree = "<group>"; };
		8617DDDF2EBE0A26006E7CA7 /* DatabaseConfig.swift */ = {isa = PBXFileReference; lastKnownFileType = sourcecode.swift; path = DatabaseConfig.swift; sourceTree = "<group>"; };
		8617DDE02EBE0A26006E7CA7 /* DatabaseSchema.swift */ = {isa = PBXFileReference; lastKnownFileType = sourcecode.swift; path = DatabaseSchema.swift; sourceTree = "<group>"; };
		8617DDE12EBE0A26006E7CA7 /* GRDBDatabaseManager.swift */ = {isa = PBXFileReference; lastKnownFileType = sourcecode.swift; path = GRDBDatabaseManager.swift; sourceTree = "<group>"; };
		8617DDE22EBE0A26006E7CA7 /* Localizable.xcstrings */ = {isa = PBXFileReference; lastKnownFileType = text.json.xcstrings; path = Localizable.xcstrings; sourceTree = "<group>"; };
		8617DDE32EBE0A26006E7CA7 /* SonioxAPI.swift */ = {isa = PBXFileReference; lastKnownFileType = sourcecode.swift; path = SonioxAPI.swift; sourceTree = "<group>"; };
		8617DDE42EBE0A26006E7CA7 /* TranscriptionDatabaseSchema.swift */ = {isa = PBXFileReference; lastKnownFileType = sourcecode.swift; path = TranscriptionDatabaseSchema.swift; sourceTree = "<group>"; };
		8617DDE52EBE0A26006E7CA7 /* TranscriptionManager.swift */ = {isa = PBXFileReference; lastKnownFileType = sourcecode.swift; path = TranscriptionManager.swift; sourceTree = "<group>"; };
		8617DDE62EBE0A26006E7CA7 /* TranscriptionSheet.swift */ = {isa = PBXFileReference; lastKnownFileType = sourcecode.swift; path = TranscriptionSheet.swift; sourceTree = "<group>"; };
		8617DDE72EBE0A26006E7CA7 /* TranscriptModels.swift */ = {isa = PBXFileReference; lastKnownFileType = sourcecode.swift; path = TranscriptModels.swift; sourceTree = "<group>"; };
		862956FC2EE58AA9006ABE75 /* AddRSSCollectionView.swift */ = {isa = PBXFileReference; lastKnownFileType = sourcecode.swift; path = AddRSSCollectionView.swift; sourceTree = "<group>"; };
		862956FD2EE58AA9006ABE75 /* CollectionImportService.swift */ = {isa = PBXFileReference; lastKnownFileType = sourcecode.swift; path = CollectionImportService.swift; sourceTree = "<group>"; };
		862956FE2EE58AA9006ABE75 /* RSSParser.swift */ = {isa = PBXFileReference; lastKnownFileType = sourcecode.swift; path = RSSParser.swift; sourceTree = "<group>"; };
		862957022EE5FC7A006ABE75 /* CollectionReviewView.swift */ = {isa = PBXFileReference; lastKnownFileType = sourcecode.swift; path = CollectionReviewView.swift; sourceTree = "<group>"; };
		8629570A2EE80C41006ABE75 /* AliyunAuthViewModel.swift */ = {isa = PBXFileReference; lastKnownFileType = sourcecode.swift; path = AliyunAuthViewModel.swift; sourceTree = "<group>"; };
		8629570B2EE80C41006ABE75 /* AliyunNetdiskBrowserView.swift */ = {isa = PBXFileReference; lastKnownFileType = sourcecode.swift; path = AliyunNetdiskBrowserView.swift; sourceTree = "<group>"; };
		8629570C2EE80C41006ABE75 /* AliyunNetdiskBrowserViewModel.swift */ = {isa = PBXFileReference; lastKnownFileType = sourcecode.swift; path = AliyunNetdiskBrowserViewModel.swift; sourceTree = "<group>"; };
		8629570D2EE80C41006ABE75 /* AliyunNetdiskClient.swift */ = {isa = PBXFileReference; lastKnownFileType = sourcecode.swift; path = AliyunNetdiskClient.swift; sourceTree = "<group>"; };
		8629570E2EE80C41006ABE75 /* AliyunOAuth.swift */ = {isa = PBXFileReference; lastKnownFileType = sourcecode.swift; path = AliyunOAuth.swift; sourceTree = "<group>"; };
		8629570F2EE80C41006ABE75 /* AliyunTokenStore.swift */ = {isa = PBXFileReference; lastKnownFileType = sourcecode.swift; path = AliyunTokenStore.swift; sourceTree = "<group>"; };
		864BF08D2EEBFE2A00F9179C /* PlaybackIntents.swift */ = {isa = PBXFileReference; lastKnownFileType = sourcecode.swift; path = PlaybackIntents.swift; sourceTree = "<group>"; };
		864C259B2EFA900A005ECA64 /* ArchivedCollectionsView.swift */ = {isa = PBXFileReference; lastKnownFileType = sourcecode.swift; path = ArchivedCollectionsView.swift; sourceTree = "<group>"; };
		864C259F2EFBE15A005ECA64 /* ThemeManager.swift */ = {isa = PBXFileReference; lastKnownFileType = sourcecode.swift; path = ThemeManager.swift; sourceTree = "<group>"; };
		864C25A02EFBE15A005ECA64 /* ThemeSelectionView.swift */ = {isa = PBXFileReference; lastKnownFileType = sourcecode.swift; path = ThemeSelectionView.swift; sourceTree = "<group>"; };
		864C25A32EFBE546005ECA64 /* SnowfallView.swift */ = {isa = PBXFileReference; lastKnownFileType = sourcecode.swift; path = SnowfallView.swift; sourceTree = "<group>"; };
		867C6FC82EF3A71200A8FE74 /* VLCVideoPlayerView.swift */ = {isa = PBXFileReference; lastKnownFileType = sourcecode.swift; path = VLCVideoPlayerView.swift; sourceTree = "<group>"; };
		868447142F018E0700962FC4 /* RemoteJobsStore.swift */ = {isa = PBXFileReference; lastKnownFileType = sourcecode.swift; path = RemoteJobsStore.swift; sourceTree = "<group>"; };
		868447152F018E0700962FC4 /* RemoteJobsView.swift */ = {isa = PBXFileReference; lastKnownFileType = sourcecode.swift; path = RemoteJobsView.swift; sourceTree = "<group>"; };
		868447182F02723700962FC4 /* RemoteJobsClient.swift */ = {isa = PBXFileReference; lastKnownFileType = sourcecode.swift; path = RemoteJobsClient.swift; sourceTree = "<group>"; };
		8684471A2F04C6A700962FC4 /* TrackChatContextBuilder.swift */ = {isa = PBXFileReference; lastKnownFileType = sourcecode.swift; path = TrackChatContextBuilder.swift; sourceTree = "<group>"; };
		8684471B2F04C6A700962FC4 /* TrackChatDatabaseSchema.swift */ = {isa = PBXFileReference; lastKnownFileType = sourcecode.swift; path = TrackChatDatabaseSchema.swift; sourceTree = "<group>"; };
		8684471C2F04C6A700962FC4 /* TrackChatModels.swift */ = {isa = PBXFileReference; lastKnownFileType = sourcecode.swift; path = TrackChatModels.swift; sourceTree = "<group>"; };
		8684471D2F04C6A700962FC4 /* TrackChatStore.swift */ = {isa = PBXFileReference; lastKnownFileType = sourcecode.swift; path = TrackChatStore.swift; sourceTree = "<group>"; };
		8684471E2F04C6A700962FC4 /* TrackChatView.swift */ = {isa = PBXFileReference; lastKnownFileType = sourcecode.swift; path = TrackChatView.swift; sourceTree = "<group>"; };
		8684471F2F04C6A700962FC4 /* TrackChatViewModel.swift */ = {isa = PBXFileReference; lastKnownFileType = sourcecode.swift; path = TrackChatViewModel.swift; sourceTree = "<group>"; };
		8685F35E2EBE17D5003D8173 /* SonioxKeychainStore.swift */ = {isa = PBXFileReference; lastKnownFileType = sourcecode.swift; path = SonioxKeychainStore.swift; sourceTree = "<group>"; };
		8685F35F2EBE17D5003D8173 /* SonioxKeyViewModel.swift */ = {isa = PBXFileReference; lastKnownFileType = sourcecode.swift; path = SonioxKeyViewModel.swift; sourceTree = "<group>"; };
		8685F3622EBE204F003D8173 /* TemporaryPlaybackContext.swift */ = {isa = PBXFileReference; lastKnownFileType = sourcecode.swift; path = TemporaryPlaybackContext.swift; sourceTree = "<group>"; };
		8685F3642EBF3607003D8173 /* TranscriptionJobManager.swift */ = {isa = PBXFileReference; lastKnownFileType = sourcecode.swift; path = TranscriptionJobManager.swift; sourceTree = "<group>"; };
		8685F3652EBF3607003D8173 /* TranscriptionProgressOverlay.swift */ = {isa = PBXFileReference; lastKnownFileType = sourcecode.swift; path = TranscriptionProgressOverlay.swift; sourceTree = "<group>"; };
		8685F3662EBF3607003D8173 /* TranscriptionRetryManager.swift */ = {isa = PBXFileReference; lastKnownFileType = sourcecode.swift; path = TranscriptionRetryManager.swift; sourceTree = "<group>"; };
		8685F3672EBF3607003D8173 /* TranscriptViewerSheet.swift */ = {isa = PBXFileReference; lastKnownFileType = sourcecode.swift; path = TranscriptViewerSheet.swift; sourceTree = "<group>"; };
		8685F3682EBF3607003D8173 /* TranscriptViewModel.swift */ = {isa = PBXFileReference; lastKnownFileType = sourcecode.swift; path = TranscriptViewModel.swift; sourceTree = "<group>"; };
		8685F36E2EBF3813003D8173 /* AITabView.swift */ = {isa = PBXFileReference; lastKnownFileType = sourcecode.swift; path = AITabView.swift; sourceTree = "<group>"; };
		869F06B12ED5B2E100B79131 /* TranscriptCorrectionStore.swift */ = {isa = PBXFileReference; lastKnownFileType = sourcecode.swift; path = TranscriptCorrectionStore.swift; sourceTree = "<group>"; };
		869F06B32ED5B2E100B79131 /* TranscriptCorrectionViewModel.swift */ = {isa = PBXFileReference; lastKnownFileType = sourcecode.swift; path = TranscriptCorrectionViewModel.swift; sourceTree = "<group>"; };
		869F06B42ED5B2E100B79131 /* TranscriptSegmentManager.swift */ = {isa = PBXFileReference; lastKnownFileType = sourcecode.swift; path = TranscriptSegmentManager.swift; sourceTree = "<group>"; };
		869F06B92ED5CF5200B79131 /* TranscriptCorrectionsCard.swift */ = {isa = PBXFileReference; lastKnownFileType = sourcecode.swift; path = TranscriptCorrectionsCard.swift; sourceTree = "<group>"; };
		869F06BD2ED6200A00B79131 /* TranscriptCorrectionsView.swift */ = {isa = PBXFileReference; lastKnownFileType = sourcecode.swift; path = TranscriptCorrectionsView.swift; sourceTree = "<group>"; };
		86AD83AA2EB9AD5100FAB6DF /* AudioCacheDownloadManager.swift */ = {isa = PBXFileReference; lastKnownFileType = sourcecode.swift; path = AudioCacheDownloadManager.swift; sourceTree = "<group>"; };
		86AD83AB2EB9AD5100FAB6DF /* CacheProgressTracker.swift */ = {isa = PBXFileReference; lastKnownFileType = sourcecode.swift; path = CacheProgressTracker.swift; sourceTree = "<group>"; };
		86B633522ED94E8100A04510 /* AboutView.swift */ = {isa = PBXFileReference; lastKnownFileType = sourcecode.swift; path = AboutView.swift; sourceTree = "<group>"; };
		86B633532ED94E8100A04510 /* AppInfo.swift */ = {isa = PBXFileReference; lastKnownFileType = sourcecode.swift; path = AppInfo.swift; sourceTree = "<group>"; };
		86C5F7002F0AFA4300647B2C /* AITranscriptRepair.swift */ = {isa = PBXFileReference; lastKnownFileType = sourcecode.swift; path = AITranscriptRepair.swift; sourceTree = "<group>"; };
		86E5CFED2ECDC51D00CE62A1 /* TrackSummaryDatabaseSchema.swift */ = {isa = PBXFileReference; lastKnownFileType = sourcecode.swift; path = TrackSummaryDatabaseSchema.swift; sourceTree = "<group>"; };
		86E5CFEE2ECDC51D00CE62A1 /* TrackSummaryStore.swift */ = {isa = PBXFileReference; lastKnownFileType = sourcecode.swift; path = TrackSummaryStore.swift; sourceTree = "<group>"; };
		86E5CFF12ECEB62900CE62A1 /* FloatingPlaybackBubbleViewModel.swift */ = {isa = PBXFileReference; lastKnownFileType = sourcecode.swift; path = FloatingPlaybackBubbleViewModel.swift; sourceTree = "<group>"; };
		86E5CFF32ECEB76F00CE62A1 /* FloatingPlaybackBubbleView.swift */ = {isa = PBXFileReference; lastKnownFileType = sourcecode.swift; path = FloatingPlaybackBubbleView.swift; sourceTree = "<group>"; };
		86E5CFF52ECEB8CA00CE62A1 /* Color+Hex.swift */ = {isa = PBXFileReference; lastKnownFileType = sourcecode.swift; path = "Color+Hex.swift"; sourceTree = "<group>"; };
		86E5CFF72ECEFBFD00CE62A1 /* AIGatewayReasoning.swift */ = {isa = PBXFileReference; lastKnownFileType = sourcecode.swift; path = AIGatewayReasoning.swift; sourceTree = "<group>"; };
		86E5CFFB2ED0458600CE62A1 /* AIJobsListView.swift */ = {isa = PBXFileReference; lastKnownFileType = sourcecode.swift; path = AIJobsListView.swift; sourceTree = "<group>"; };
		86E5CFFC2ED0458600CE62A1 /* AIModelsListView.swift */ = {isa = PBXFileReference; lastKnownFileType = sourcecode.swift; path = AIModelsListView.swift; sourceTree = "<group>"; };
		86E5CFFF2ED054E200CE62A1 /* TTSJobsListView.swift */ = {isa = PBXFileReference; lastKnownFileType = sourcecode.swift; path = TTSJobsListView.swift; sourceTree = "<group>"; };
		86E5D0032ED05DC800CE62A1 /* PreviewData.swift */ = {isa = PBXFileReference; lastKnownFileType = sourcecode.swift; path = PreviewData.swift; sourceTree = "<group>"; };
		86E5D1012ECDC8C400CE62A1 /* TrackSummaryGenerator.swift */ = {isa = PBXFileReference; lastKnownFileType = sourcecode.swift; path = TrackSummaryGenerator.swift; sourceTree = "<group>"; };
		86E5D1122ECDCB1100CE62A1 /* TrackSummaryViewModel.swift */ = {isa = PBXFileReference; lastKnownFileType = sourcecode.swift; path = TrackSummaryViewModel.swift; sourceTree = "<group>"; };
		86E5D1142ECDCB1100CE62A1 /* TrackSummaryCard.swift */ = {isa = PBXFileReference; lastKnownFileType = sourcecode.swift; path = TrackSummaryCard.swift; sourceTree = "<group>"; };
		86E70EA22ED230C0002BCEA0 /* PlaybackSpeedControl.swift */ = {isa = PBXFileReference; lastKnownFileType = sourcecode.swift; path = PlaybackSpeedControl.swift; sourceTree = "<group>"; };
		86E70EA42ED408C7002BCEA0 /* BatchRenameView.swift */ = {isa = PBXFileReference; lastKnownFileType = sourcecode.swift; path = BatchRenameView.swift; sourceTree = "<group>"; };
		86FC75832EC7244600E7AEB8 /* UserDataBackupManager.swift */ = {isa = PBXFileReference; lastKnownFileType = sourcecode.swift; path = UserDataBackupManager.swift; sourceTree = "<group>"; };
		86FD8DFF2ED6E0AB002A2036 /* PersonalView.swift */ = {isa = PBXFileReference; lastKnownFileType = sourcecode.swift; path = PersonalView.swift; sourceTree = "<group>"; };
		86FD8E002ED6E0AB002A2036 /* SmartView.swift */ = {isa = PBXFileReference; lastKnownFileType = sourcecode.swift; path = SmartView.swift; sourceTree = "<group>"; };
		86FD8E032ED6E9A7002A2036 /* ListeningHistory.swift */ = {isa = PBXFileReference; lastKnownFileType = sourcecode.swift; path = ListeningHistory.swift; sourceTree = "<group>"; };
		86FD8E052ED6F314002A2036 /* ListeningStatistic.swift */ = {isa = PBXFileReference; lastKnownFileType = sourcecode.swift; path = ListeningStatistic.swift; sourceTree = "<group>"; };
		86FD8E062ED6F314002A2036 /* ListeningStatisticsView.swift */ = {isa = PBXFileReference; lastKnownFileType = sourcecode.swift; path = ListeningStatisticsView.swift; sourceTree = "<group>"; };
		86FDF2062EC8F1F300DB7430 /* AudiobookPlayer.entitlements */ = {isa = PBXFileReference; lastKnownFileType = text.plist.entitlements; path = AudiobookPlayer.entitlements; sourceTree = "<group>"; };
		86FE17552EBFC7F200027E93 /* test-1min.mp3 */ = {isa = PBXFileReference; lastKnownFileType = audio.mp3; path = "test-1min.mp3"; sourceTree = "<group>"; };
		86FE17592EC20F6400027E93 /* CacheManagementView.swift */ = {isa = PBXFileReference; lastKnownFileType = sourcecode.swift; path = CacheManagementView.swift; sourceTree = "<group>"; };
		86FE175A2EC20F6400027E93 /* DownloadButton.swift */ = {isa = PBXFileReference; lastKnownFileType = sourcecode.swift; path = DownloadButton.swift; sourceTree = "<group>"; };
		86FE175B2EC20F6400027E93 /* SettingsTabView.swift */ = {isa = PBXFileReference; lastKnownFileType = sourcecode.swift; path = SettingsTabView.swift; sourceTree = "<group>"; };
		86FE175F2EC2531500027E93 /* ProviderIconView.swift */ = {isa = PBXFileReference; lastKnownFileType = sourcecode.swift; path = ProviderIconView.swift; sourceTree = "<group>"; };
		A1B2C3D42FEB123400000001 /* FavoriteToggleButton.swift */ = {isa = PBXFileReference; lastKnownFileType = sourcecode.swift; path = FavoriteToggleButton.swift; sourceTree = "<group>"; };
		A1B2C3D62FEB123400000002 /* FavoriteTracksView.swift */ = {isa = PBXFileReference; lastKnownFileType = sourcecode.swift; path = FavoriteTracksView.swift; sourceTree = "<group>"; };
		B1C5E0A02F12300000AAA001 /* en */ = {isa = PBXFileReference; lastKnownFileType = text.plist.strings; name = en; path = en.lproj/InfoPlist.strings; sourceTree = "<group>"; };
		B1C5E0A12F12300000AAA001 /* zh-Hans */ = {isa = PBXFileReference; lastKnownFileType = text.plist.strings; name = "zh-Hans"; path = "zh-Hans.lproj/InfoPlist.strings"; sourceTree = "<group>"; };
		C5E631A42F1B000100AA0001 /* AIGenerationDatabaseSchema.swift */ = {isa = PBXFileReference; lastKnownFileType = sourcecode.swift; path = AIGenerationDatabaseSchema.swift; sourceTree = "<group>"; };
		C5E631B42F1B000100AA0001 /* AIGenerationJob.swift */ = {isa = PBXFileReference; lastKnownFileType = sourcecode.swift; path = AIGenerationJob.swift; sourceTree = "<group>"; };
		C5E631C42F1B000100AA0001 /* AIGenerationJobManager.swift */ = {isa = PBXFileReference; lastKnownFileType = sourcecode.swift; path = AIGenerationJobManager.swift; sourceTree = "<group>"; };
		C5E631D42F1B000100AA0001 /* AIGenerationJobExecutor.swift */ = {isa = PBXFileReference; lastKnownFileType = sourcecode.swift; path = AIGenerationJobExecutor.swift; sourceTree = "<group>"; };
		C5E631E42F1B000100AA0001 /* AIGenerationManager.swift */ = {isa = PBXFileReference; lastKnownFileType = sourcecode.swift; path = AIGenerationManager.swift; sourceTree = "<group>"; };
		C5E632032F1B000100AA0001 /* AIGenerationJobDetailView.swift */ = {isa = PBXFileReference; lastKnownFileType = sourcecode.swift; path = AIGenerationJobDetailView.swift; sourceTree = "<group>"; };
		D0C0FFEA2F4B8A1A00C0FF01 /* Views/CollectionRefreshReviewView.swift */ = {isa = PBXFileReference; lastKnownFileType = sourcecode.swift; path = Views/CollectionRefreshReviewView.swift; sourceTree = "<group>"; };
		D3A1F7B92F3A1C1100ABCDEF /* PlaybackClock.swift */ = {isa = PBXFileReference; lastKnownFileType = sourcecode.swift; path = PlaybackClock.swift; sourceTree = "<group>"; };
		DAFADB082A384DC9ACA621D5 /* Views/SelectionListView.swift */ = {isa = PBXFileReference; lastKnownFileType = sourcecode.swift; path = Views/SelectionListView.swift; sourceTree = "<group>"; };
		F7432AE5D710401797665C14 /* CollectionBuilderViewModel.swift */ = {isa = PBXFileReference; lastKnownFileType = sourcecode.swift; path = CollectionBuilderViewModel.swift; sourceTree = "<group>"; };
		FAE434E45A0CBC7F07373A25 /* Pods-AudiobookPlayer.release.xcconfig */ = {isa = PBXFileReference; includeInIndex = 1; lastKnownFileType = text.xcconfig; name = "Pods-AudiobookPlayer.release.xcconfig"; path = "Target Support Files/Pods-AudiobookPlayer/Pods-AudiobookPlayer.release.xcconfig"; sourceTree = "<group>"; };
/* End PBXFileReference section */

/* Begin PBXFrameworksBuildPhase section */
		6F6E7F6C2C4A9B0500AA00AA /* Frameworks */ = {
			isa = PBXFrameworksBuildPhase;
			buildActionMask = 2147483647;
			files = (
				6F6E7F792C4A9B0500AA00AA /* AVFoundation.framework in Frameworks */,
				8637370F2EBCF7120002CD46 /* GRDB in Frameworks */,
				B6E1C0032F10B4B900C2ABF1 /* ZIPFoundation in Frameworks */,
				21D6078C1E66EBED8BF5BE4C /* Pods_AudiobookPlayer.framework in Frameworks */,
			);
			runOnlyForDeploymentPostprocessing = 0;
		};
/* End PBXFrameworksBuildPhase section */

/* Begin PBXGroup section */
		6F6E7F662C4A9B0500AA00AA = {
			isa = PBXGroup;
			children = (
				6F6E7F672C4A9B0500AA00AA /* AudiobookPlayer */,
				6F6E7F7C2C4A9B0500AA00AA /* Products */,
				6F6E7F7D2C4A9B0500AA00AA /* Frameworks */,
				863737112EBD000A0002CD46 /* Recovered References */,
				F5F0EC7F2E363DF71B7E7A90 /* Pods */,
			);
			sourceTree = "<group>";
		};
		6F6E7F672C4A9B0500AA00AA /* AudiobookPlayer */ = {
			isa = PBXGroup;
			children = (
				688ACB11D5A942F29EFB2321 /* CollectionDetailViewModel.swift */,
				86056E572EFEAE2E00A427F7 /* Logging.swift */,
				B1C5E09F2F12300000AAA001 /* InfoPlist.strings */,
				86FDF2062EC8F1F300DB7430 /* AudiobookPlayer.entitlements */,
				86FC75832EC7244600E7AEB8 /* UserDataBackupManager.swift */,
				864C259B2EFA900A005ECA64 /* ArchivedCollectionsView.swift */,
				868447142F018E0700962FC4 /* RemoteJobsStore.swift */,
				868447152F018E0700962FC4 /* RemoteJobsView.swift */,
				8603AC192EDDF0D100889565 /* TTSJobProgressSheet.swift */,
				86AD83AA2EB9AD5100FAB6DF /* AudioCacheDownloadManager.swift */,
				8685F3622EBE204F003D8173 /* TemporaryPlaybackContext.swift */,
				86AD83AB2EB9AD5100FAB6DF /* CacheProgressTracker.swift */,
				8603AC012EDAF98D00889565 /* EdgeTTSClient.swift */,
				8603AC022EDAF98D00889565 /* EdgeTTSView.swift */,
				8603AC032EDAF98D00889565 /* EpubParser.swift */,
				8603AC042EDAF98D00889565 /* FloatingBubbleWindowManager.swift */,
				8603AC052EDAF98D00889565 /* SonioxSTTView.swift */,
				6F6E7F6E2C4A9B0500AA00AA /* AudiobookPlayerApp.swift */,
				8684471A2F04C6A700962FC4 /* TrackChatContextBuilder.swift */,
				8684471B2F04C6A700962FC4 /* TrackChatDatabaseSchema.swift */,
				8684471C2F04C6A700962FC4 /* TrackChatModels.swift */,
				8684471D2F04C6A700962FC4 /* TrackChatStore.swift */,
				8684471E2F04C6A700962FC4 /* TrackChatView.swift */,
				8684471F2F04C6A700962FC4 /* TrackChatViewModel.swift */,
				86FE175F2EC2531500027E93 /* ProviderIconView.swift */,
				86FE17592EC20F6400027E93 /* CacheManagementView.swift */,
				86FE175A2EC20F6400027E93 /* DownloadButton.swift */,
				86FE175B2EC20F6400027E93 /* SettingsTabView.swift */,
				86B633522ED94E8100A04510 /* AboutView.swift */,
				86B633532ED94E8100A04510 /* AppInfo.swift */,
				8617DDD92EBE0A26006E7CA7 /* AIGatewayClient.swift */,
				8617DDDA2EBE0A26006E7CA7 /* AIGatewayKeychainStore.swift */,
				8617DDDB2EBE0A26006E7CA7 /* AIGatewayModels.swift */,
				8617DDDC2EBE0A26006E7CA7 /* AIGatewayViewModel.swift */,
				8617DDDD2EBE0A26006E7CA7 /* AITabView.swift */,
				86E5D0032ED05DC800CE62A1 /* PreviewData.swift */,
				86E5CFFF2ED054E200CE62A1 /* TTSJobsListView.swift */,
				86C5F7002F0AFA4300647B2C /* AITranscriptRepair.swift */,
				8617DDDE2EBE0A26006E7CA7 /* BackgroundTranscriptionManager.swift */,
				8617DDDF2EBE0A26006E7CA7 /* DatabaseConfig.swift */,
				8617DDE02EBE0A26006E7CA7 /* DatabaseSchema.swift */,
				8617DDE12EBE0A26006E7CA7 /* GRDBDatabaseManager.swift */,
				8617DDE22EBE0A26006E7CA7 /* Localizable.xcstrings */,
				86FD8E032ED6E9A7002A2036 /* ListeningHistory.swift */,
				86FD8E052ED6F314002A2036 /* ListeningStatistic.swift */,
				86FD8E062ED6F314002A2036 /* ListeningStatisticsView.swift */,
				8603AC0B2EDB648F00889565 /* EbookReaderView.swift */,
				8603AC0D2EDB71EE00889565 /* CreateEbookCollectionView.swift */,
				8603AC0F2EDC139B00889565 /* StorageManagementView.swift */,
				86FD8DFF2ED6E0AB002A2036 /* PersonalView.swift */,
				86FD8E002ED6E0AB002A2036 /* SmartView.swift */,
				8629570A2EE80C41006ABE75 /* AliyunAuthViewModel.swift */,
				8629570B2EE80C41006ABE75 /* AliyunNetdiskBrowserView.swift */,
				8629570C2EE80C41006ABE75 /* AliyunNetdiskBrowserViewModel.swift */,
				8629570D2EE80C41006ABE75 /* AliyunNetdiskClient.swift */,
				8629570E2EE80C41006ABE75 /* AliyunOAuth.swift */,
				8629570F2EE80C41006ABE75 /* AliyunTokenStore.swift */,
				869F06BD2ED6200A00B79131 /* TranscriptCorrectionsView.swift */,
				86E5CFFB2ED0458600CE62A1 /* AIJobsListView.swift */,
				86E5CFFC2ED0458600CE62A1 /* AIModelsListView.swift */,
				86E5CFF32ECEB76F00CE62A1 /* FloatingPlaybackBubbleView.swift */,
				864C25A32EFBE546005ECA64 /* SnowfallView.swift */,
				864C259F2EFBE15A005ECA64 /* ThemeManager.swift */,
				864C25A02EFBE15A005ECA64 /* ThemeSelectionView.swift */,
				8685F3642EBF3607003D8173 /* TranscriptionJobManager.swift */,
				8685F3652EBF3607003D8173 /* TranscriptionProgressOverlay.swift */,
				8685F3662EBF3607003D8173 /* TranscriptionRetryManager.swift */,
				8685F3672EBF3607003D8173 /* TranscriptViewerSheet.swift */,
				8685F3682EBF3607003D8173 /* TranscriptViewModel.swift */,
				8685F36E2EBF3813003D8173 /* AITabView.swift */,
				8685F35E2EBE17D5003D8173 /* SonioxKeychainStore.swift */,
				8685F35F2EBE17D5003D8173 /* SonioxKeyViewModel.swift */,
				8617DDE32EBE0A26006E7CA7 /* SonioxAPI.swift */,
				8617DDE42EBE0A26006E7CA7 /* TranscriptionDatabaseSchema.swift */,
				8617DDE52EBE0A26006E7CA7 /* TranscriptionManager.swift */,
				868447182F02723700962FC4 /* RemoteJobsClient.swift */,
				8617DDE62EBE0A26006E7CA7 /* TranscriptionSheet.swift */,
				8617DDE72EBE0A26006E7CA7 /* TranscriptModels.swift */,
				C5E631A42F1B000100AA0001 /* AIGenerationDatabaseSchema.swift */,
				C5E631B42F1B000100AA0001 /* AIGenerationJob.swift */,
				C5E631C42F1B000100AA0001 /* AIGenerationJobManager.swift */,
				C5E631D42F1B000100AA0001 /* AIGenerationJobExecutor.swift */,
				86E5CFED2ECDC51D00CE62A1 /* TrackSummaryDatabaseSchema.swift */,
				86E5CFEE2ECDC51D00CE62A1 /* TrackSummaryStore.swift */,
				86E5D1122ECDCB1100CE62A1 /* TrackSummaryViewModel.swift */,
				86E5D1142ECDCB1100CE62A1 /* TrackSummaryCard.swift */,
				869F06B12ED5B2E100B79131 /* TranscriptCorrectionStore.swift */,
				869F06B92ED5CF5200B79131 /* TranscriptCorrectionsCard.swift */,
				869F06B32ED5B2E100B79131 /* TranscriptCorrectionViewModel.swift */,
				869F06B42ED5B2E100B79131 /* TranscriptSegmentManager.swift */,
				86E5CFF72ECEFBFD00CE62A1 /* AIGatewayReasoning.swift */,
				86E5D1012ECDC8C400CE62A1 /* TrackSummaryGenerator.swift */,
				C5E631E42F1B000100AA0001 /* AIGenerationManager.swift */,
				86E5CFF12ECEB62900CE62A1 /* FloatingPlaybackBubbleViewModel.swift */,
				C5E632032F1B000100AA0001 /* AIGenerationJobDetailView.swift */,
				6F6E7F6E2C4A9B0500AA00AB /* BaiduOAuth.swift */,
				6F99A0022C4C200000AA00AA /* BaiduNetdiskClient.swift */,
				6F99A0042C4C200000AA00AA /* BaiduNetdiskBrowserViewModel.swift */,
				6F99A0062C4C200000AA00AA /* BaiduNetdiskBrowserView.swift */,
				6F6E7F722C4A9B0500AA00AA /* AudioPlayerViewModel.swift */,
				D3A1F7B92F3A1C1100ABCDEF /* PlaybackClock.swift */,
				8603AC152EDCA76200889565 /* PlayableMediaFormat.swift */,
				8603AC132EDCA72000889565 /* VideoPlayerSheet.swift */,
				8603AC112EDC550000889565 /* STTJobsListView.swift */,
				6FD0A0012C5B0C0000AA00AB /* AudioCacheManager.swift */,
				6FD0A0032C5B0C0000AA00AB /* CachedAudioAsset.swift */,
				6F6E7F702C4A9B0500AA00AB /* BaiduAuthViewModel.swift */,
				6F6E7F702C4A9B0500AA00AA /* ContentView.swift */,
				86E70EA42ED408C7002BCEA0 /* BatchRenameView.swift */,
				86E70EA22ED230C0002BCEA0 /* PlaybackSpeedControl.swift */,
				6FC010002C5B0C0000AA00AA /* LibraryModels.swift */,
				6FC010022C5B0C0000AA00AA /* LibraryStore.swift */,
				867C6FC82EF3A71200A8FE74 /* VLCVideoPlayerView.swift */,
				864BF08D2EEBFE2A00F9179C /* PlaybackIntents.swift */,
				6FC0101B2C5B0C0000AA00AA /* CloudKitLibrarySync.swift */,
				6FC010042C5B0C0000AA00AA /* LibraryView.swift */,
				86E5CFF52ECEB8CA00CE62A1 /* Color+Hex.swift */,
				6FC010082C5B0C0000AA00AA /* CollectionDetailView.swift */,
				6FC0100A2C5B0C0000AA00AA /* TrackPickerView.swift */,
				A1B2C3D42FEB123400000001 /* FavoriteToggleButton.swift */,
				A1B2C3D62FEB123400000002 /* FavoriteTracksView.swift */,
				DAFADB082A384DC9ACA621D5 /* Views/SelectionListView.swift */,
				D0C0FFEA2F4B8A1A00C0FF01 /* Views/CollectionRefreshReviewView.swift */,
				2B0FA3F1E49445F18F94583C /* CreateCollectionView.swift */,
				F7432AE5D710401797665C14 /* CollectionBuilderViewModel.swift */,
				6FC010062C5B0C0000AA00AA /* SourcesView.swift */,
				6F99A0002C4C200000AA00AA /* BaiduTokenStore.swift */,
				6FC0200A2C5B0C0000AA00AA /* Localizable.strings */,
				6F6E7F742C4A9B0500AA00AA /* Assets.xcassets */,
				6F6E7F752C4A9B0500AA00AA /* Preview Content */,
				6F6E7F772C4A9B0500AA00AA /* Info.plist */,
				86FE17552EBFC7F200027E93 /* test-1min.mp3 */,
				862956FC2EE58AA9006ABE75 /* AddRSSCollectionView.swift */,
				862957022EE5FC7A006ABE75 /* CollectionReviewView.swift */,
				862956FD2EE58AA9006ABE75 /* CollectionImportService.swift */,
				862956FE2EE58AA9006ABE75 /* RSSParser.swift */,
			);
			path = AudiobookPlayer;
			sourceTree = "<group>";
		};
		6F6E7F752C4A9B0500AA00AA /* Preview Content */ = {
			isa = PBXGroup;
			children = (
				6F6E7F762C4A9B0500AA00AA /* Preview Assets.xcassets */,
			);
			path = "Preview Content";
			sourceTree = "<group>";
		};
		6F6E7F7C2C4A9B0500AA00AA /* Products */ = {
			isa = PBXGroup;
			children = (
				6F6E7F802C4A9B0500AA00AA /* HappyBear.app */,
			);
			name = Products;
			sourceTree = "<group>";
		};
		6F6E7F7D2C4A9B0500AA00AA /* Frameworks */ = {
			isa = PBXGroup;
			children = (
				6F6E7F782C4A9B0500AA00AA /* AVFoundation.framework */,
				3BB2B29750B30BE81F3874A5 /* Pods_AudiobookPlayer.framework */,
			);
			name = Frameworks;
			sourceTree = "<group>";
		};
		863737112EBD000A0002CD46 /* Recovered References */ = {
			isa = PBXGroup;
			children = (
			);
			name = "Recovered References";
			sourceTree = "<group>";
		};
		F5F0EC7F2E363DF71B7E7A90 /* Pods */ = {
			isa = PBXGroup;
			children = (
				1DFF1CFD3E0AD5324953C09A /* Pods-AudiobookPlayer.debug.xcconfig */,
				FAE434E45A0CBC7F07373A25 /* Pods-AudiobookPlayer.release.xcconfig */,
			);
			path = Pods;
			sourceTree = "<group>";
		};
/* End PBXGroup section */

/* Begin PBXNativeTarget section */
		6F6E7F812C4A9B0500AA00AA /* AudiobookPlayer */ = {
			isa = PBXNativeTarget;
			buildConfigurationList = 6F6E7F842C4A9B0500AA00AA /* Build configuration list for PBXNativeTarget "AudiobookPlayer" */;
			buildPhases = (
				D3D94ECA84E4C24594F4C06F /* [CP] Check Pods Manifest.lock */,
				6F6E7F6B2C4A9B0500AA00AA /* Sources */,
				6F6E7F6C2C4A9B0500AA00AA /* Frameworks */,
				6F6E7F6D2C4A9B0500AA00AA /* Resources */,
				D0EEE8D945B2BEBD23C0B8C5 /* [CP] Embed Pods Frameworks */,
			);
			buildRules = (
			);
			dependencies = (
			);
			name = AudiobookPlayer;
			packageProductDependencies = (
				8637370E2EBCF7120002CD46 /* GRDB */,
				B6E1C0022F10B4B900C2ABF1 /* ZIPFoundation */,
			);
			productName = AudiobookPlayer;
			productReference = 6F6E7F802C4A9B0500AA00AA /* HappyBear.app */;
			productType = "com.apple.product-type.application";
		};
/* End PBXNativeTarget section */

/* Begin PBXProject section */
		6F6E7F652C4A9B0500AA00AA /* Project object */ = {
			isa = PBXProject;
			attributes = {
				BuildIndependentTargetsInParallel = YES;
				LastSwiftUpdateCheck = 1530;
				LastUpgradeCheck = 1530;
				TargetAttributes = {
					6F6E7F812C4A9B0500AA00AA = {
						CreatedOnToolsVersion = 15.3;
					};
				};
			};
			buildConfigurationList = 6F6E7F832C4A9B0500AA00AA /* Build configuration list for PBXProject "AudiobookPlayer" */;
			compatibilityVersion = "Xcode 15.0";
			developmentRegion = "zh-Hans";
			hasScannedForEncodings = 0;
			knownRegions = (
				en,
				"zh-Hans",
			);
			mainGroup = 6F6E7F662C4A9B0500AA00AA;
			packageReferences = (
				8637370D2EBCF7120002CD46 /* XCRemoteSwiftPackageReference "GRDB.swift" */,
				B6E1C0012F10B4B900C2ABF1 /* XCRemoteSwiftPackageReference "ZIPFoundation" */,
			);
			productRefGroup = 6F6E7F7C2C4A9B0500AA00AA /* Products */;
			projectDirPath = "";
			projectRoot = "";
			targets = (
				6F6E7F812C4A9B0500AA00AA /* AudiobookPlayer */,
			);
		};
/* End PBXProject section */

/* Begin PBXResourcesBuildPhase section */
		6F6E7F6D2C4A9B0500AA00AA /* Resources */ = {
			isa = PBXResourcesBuildPhase;
			buildActionMask = 2147483647;
			files = (
				B1C5E0A22F12300000AAA001 /* InfoPlist.strings in Resources */,
				6F6E7F7A2C4A9B0500AA00AA /* Assets.xcassets in Resources */,
				6FC0200D2C5B0C0000AA00AA /* Localizable.strings in Resources */,
				8617DDE82EBE0A26006E7CA7 /* Localizable.xcstrings in Resources */,
				86FE17562EBFC7F200027E93 /* test-1min.mp3 in Resources */,
				6F6E7F7B2C4A9B0500AA00AA /* Preview Assets.xcassets in Resources */,
			);
			runOnlyForDeploymentPostprocessing = 0;
		};
/* End PBXResourcesBuildPhase section */

/* Begin PBXShellScriptBuildPhase section */
		D0EEE8D945B2BEBD23C0B8C5 /* [CP] Embed Pods Frameworks */ = {
			isa = PBXShellScriptBuildPhase;
			buildActionMask = 2147483647;
			files = (
			);
			inputFileListPaths = (
				"${PODS_ROOT}/Target Support Files/Pods-AudiobookPlayer/Pods-AudiobookPlayer-frameworks-${CONFIGURATION}-input-files.xcfilelist",
			);
			inputPaths = (
			);
			name = "[CP] Embed Pods Frameworks";
			outputFileListPaths = (
				"${PODS_ROOT}/Target Support Files/Pods-AudiobookPlayer/Pods-AudiobookPlayer-frameworks-${CONFIGURATION}-output-files.xcfilelist",
			);
			outputPaths = (
			);
			runOnlyForDeploymentPostprocessing = 0;
			shellPath = /bin/sh;
			shellScript = "\"${PODS_ROOT}/Target Support Files/Pods-AudiobookPlayer/Pods-AudiobookPlayer-frameworks.sh\"\n";
			showEnvVarsInLog = 0;
		};
		D3D94ECA84E4C24594F4C06F /* [CP] Check Pods Manifest.lock */ = {
			isa = PBXShellScriptBuildPhase;
			buildActionMask = 2147483647;
			files = (
			);
			inputFileListPaths = (
			);
			inputPaths = (
				"${PODS_PODFILE_DIR_PATH}/Podfile.lock",
				"${PODS_ROOT}/Manifest.lock",
			);
			name = "[CP] Check Pods Manifest.lock";
			outputFileListPaths = (
			);
			outputPaths = (
				"$(DERIVED_FILE_DIR)/Pods-AudiobookPlayer-checkManifestLockResult.txt",
			);
			runOnlyForDeploymentPostprocessing = 0;
			shellPath = /bin/sh;
			shellScript = "diff \"${PODS_PODFILE_DIR_PATH}/Podfile.lock\" \"${PODS_ROOT}/Manifest.lock\" > /dev/null\nif [ $? != 0 ] ; then\n    # print error to STDERR\n    echo \"error: The sandbox is not in sync with the Podfile.lock. Run 'pod install' or update your CocoaPods installation.\" >&2\n    exit 1\nfi\n# This output is used by Xcode 'outputs' to avoid re-running this script phase.\necho \"SUCCESS\" > \"${SCRIPT_OUTPUT_FILE_0}\"\n";
			showEnvVarsInLog = 0;
		};
/* End PBXShellScriptBuildPhase section */

/* Begin PBXSourcesBuildPhase section */
		6F6E7F6B2C4A9B0500AA00AA /* Sources */ = {
			isa = PBXSourcesBuildPhase;
			buildActionMask = 2147483647;
			files = (
				08E8E02170624D2F97A9EDD9 /* CollectionDetailViewModel.swift in Sources */,
				6F99A0072C4C200000AA00AA /* BaiduNetdiskBrowserView.swift in Sources */,
				86B633542ED94E8100A04510 /* AboutView.swift in Sources */,
				86B633552ED94E8100A04510 /* AppInfo.swift in Sources */,
				86AD83AC2EB9AD5200FAB6DF /* CacheProgressTracker.swift in Sources */,
				86AD83AD2EB9AD5200FAB6DF /* AudioCacheDownloadManager.swift in Sources */,
				6FC0100B2C5B0C0000AA00AA /* TrackPickerView.swift in Sources */,
				86FE175C2EC20F6500027E93 /* SettingsTabView.swift in Sources */,
				86E5CFF22ECEB62900CE62A1 /* FloatingPlaybackBubbleViewModel.swift in Sources */,
				86FE175D2EC20F6500027E93 /* DownloadButton.swift in Sources */,
				86FE175E2EC20F6500027E93 /* CacheManagementView.swift in Sources */,
				6FC010092C5B0C0000AA00AA /* CollectionDetailView.swift in Sources */,
				A1B2C3D52FEB123400000001 /* FavoriteToggleButton.swift in Sources */,
				A1B2C3D72FEB123400000002 /* FavoriteTracksView.swift in Sources */,
				8C82E0B6952141999D8C4DC4 /* Views/SelectionListView.swift in Sources */,
				D0C0FFEB2F4B8A1A00C0FF01 /* Views/CollectionRefreshReviewView.swift in Sources */,
				6FC010052C5B0C0000AA00AA /* LibraryView.swift in Sources */,
				E348980BBC3F438AA2C8C842 /* CreateCollectionView.swift in Sources */,
				8685F3602EBE17D6003D8173 /* SonioxKeychainStore.swift in Sources */,
				8685F3612EBE17D6003D8173 /* SonioxKeyViewModel.swift in Sources */,
				868447202F04C6A700962FC4 /* TrackChatContextBuilder.swift in Sources */,
				868447212F04C6A700962FC4 /* TrackChatViewModel.swift in Sources */,
				868447222F04C6A700962FC4 /* TrackChatDatabaseSchema.swift in Sources */,
				868447232F04C6A700962FC4 /* TrackChatStore.swift in Sources */,
				868447242F04C6A700962FC4 /* TrackChatView.swift in Sources */,
				868447252F04C6A700962FC4 /* TrackChatModels.swift in Sources */,
				5699532872F14F318BCED8CE /* CollectionBuilderViewModel.swift in Sources */,
				869F06BE2ED6200A00B79131 /* TranscriptCorrectionsView.swift in Sources */,
				86FC75842EC7244600E7AEB8 /* UserDataBackupManager.swift in Sources */,
				8685F36F2EBF3813003D8173 /* AITabView.swift in Sources */,
				6F99A0052C4C200000AA00AA /* BaiduNetdiskBrowserViewModel.swift in Sources */,
				6F6E7F6F2C4A9B0500AA00AA /* AudiobookPlayerApp.swift in Sources */,
				6FC010072C5B0C0000AA00AA /* SourcesView.swift in Sources */,
				8603AC1A2EDDF0D100889565 /* TTSJobProgressSheet.swift in Sources */,
				8617DDE92EBE0A26006E7CA7 /* DatabaseConfig.swift in Sources */,
				869F06B52ED5B2E100B79131 /* TranscriptSegmentManager.swift in Sources */,
				868447162F018E0700962FC4 /* RemoteJobsStore.swift in Sources */,
				868447172F018E0700962FC4 /* RemoteJobsView.swift in Sources */,
				869F06B72ED5B2E100B79131 /* TranscriptCorrectionStore.swift in Sources */,
				869F06B82ED5B2E100B79131 /* TranscriptCorrectionViewModel.swift in Sources */,
				86FE17602EC2531500027E93 /* ProviderIconView.swift in Sources */,
				86E5CFF62ECEB8CA00CE62A1 /* Color+Hex.swift in Sources */,
				8617DDEA2EBE0A26006E7CA7 /* AIGatewayClient.swift in Sources */,
				864C25A12EFBE15A005ECA64 /* ThemeSelectionView.swift in Sources */,
				864C25A22EFBE15A005ECA64 /* ThemeManager.swift in Sources */,
				8617DDEB2EBE0A26006E7CA7 /* BackgroundTranscriptionManager.swift in Sources */,
				8617DDEC2EBE0A26006E7CA7 /* TranscriptionDatabaseSchema.swift in Sources */,
				C5E631AC2F1B000100AA0001 /* AIGenerationDatabaseSchema.swift in Sources */,
				C5E631BC2F1B000100AA0001 /* AIGenerationJob.swift in Sources */,
				C5E631CC2F1B000100AA0001 /* AIGenerationJobManager.swift in Sources */,
				C5E631DC2F1B000100AA0001 /* AIGenerationJobExecutor.swift in Sources */,
				862956FF2EE58AA9006ABE75 /* CollectionImportService.swift in Sources */,
				862957002EE58AA9006ABE75 /* AddRSSCollectionView.swift in Sources */,
				862957012EE58AA9006ABE75 /* RSSParser.swift in Sources */,
				86FD8E042ED6E9A7002A2036 /* ListeningHistory.swift in Sources */,
				C5E631EC2F1B000100AA0001 /* AIGenerationManager.swift in Sources */,
				8603AC162EDCA76200889565 /* PlayableMediaFormat.swift in Sources */,
				C5E632042F1B000100AA0001 /* AIGenerationJobDetailView.swift in Sources */,
				86C5F7012F0AFA4300647B2C /* AITranscriptRepair.swift in Sources */,
				86E5CFEF2ECDC51D00CE62A1 /* TrackSummaryStore.swift in Sources */,
				86E5D1132ECDCB1100CE62A1 /* TrackSummaryViewModel.swift in Sources */,
				86E5D1152ECDCB1100CE62A1 /* TrackSummaryCard.swift in Sources */,
				86E5D1022ECDC8C400CE62A1 /* TrackSummaryGenerator.swift in Sources */,
				86E5CFF02ECDC51D00CE62A1 /* TrackSummaryDatabaseSchema.swift in Sources */,
				8617DDED2EBE0A26006E7CA7 /* AIGatewayKeychainStore.swift in Sources */,
				862957102EE80C42006ABE75 /* AliyunNetdiskBrowserViewModel.swift in Sources */,
				862957112EE80C42006ABE75 /* AliyunNetdiskBrowserView.swift in Sources */,
				862957122EE80C42006ABE75 /* AliyunNetdiskClient.swift in Sources */,
				862957132EE80C42006ABE75 /* AliyunTokenStore.swift in Sources */,
				862957142EE80C42006ABE75 /* AliyunOAuth.swift in Sources */,
				862957152EE80C42006ABE75 /* AliyunAuthViewModel.swift in Sources */,
				8617DDEE2EBE0A26006E7CA7 /* SonioxAPI.swift in Sources */,
				8617DDF02EBE0A26006E7CA7 /* TranscriptionSheet.swift in Sources */,
				8603AC142EDCA72000889565 /* VideoPlayerSheet.swift in Sources */,
				862957032EE5FC7A006ABE75 /* CollectionReviewView.swift in Sources */,
				864C25A42EFBE546005ECA64 /* SnowfallView.swift in Sources */,
				8617DDF12EBE0A26006E7CA7 /* TranscriptModels.swift in Sources */,
				86E5CFFD2ED0458600CE62A1 /* AIJobsListView.swift in Sources */,
				86E5CFFE2ED0458600CE62A1 /* AIModelsListView.swift in Sources */,
				86E5CFF42ECEB76F00CE62A1 /* FloatingPlaybackBubbleView.swift in Sources */,
				D3A1F7BA2F3A1C1100ABCDEF /* PlaybackClock.swift in Sources */,
				86E70EA32ED230C0002BCEA0 /* PlaybackSpeedControl.swift in Sources */,
				86E70EA52ED408C7002BCEA0 /* BatchRenameView.swift in Sources */,
				8617DDF22EBE0A26006E7CA7 /* GRDBDatabaseManager.swift in Sources */,
				8617DDF32EBE0A26006E7CA7 /* AIGatewayModels.swift in Sources */,
				8617DDF42EBE0A26006E7CA7 /* DatabaseSchema.swift in Sources */,
				869F06BA2ED5CF5200B79131 /* TranscriptCorrectionsCard.swift in Sources */,
				8617DDF52EBE0A26006E7CA7 /* TranscriptionManager.swift in Sources */,
				86E5D0042ED05DC800CE62A1 /* PreviewData.swift in Sources */,
				86056E582EFEAE2E00A427F7 /* Logging.swift in Sources */,
				8617DDF62EBE0A26006E7CA7 /* AIGatewayViewModel.swift in Sources */,
				8603AC122EDC550000889565 /* STTJobsListView.swift in Sources */,
				867C6FC92EF3A71200A8FE74 /* VLCVideoPlayerView.swift in Sources */,
				8603AC062EDAF98D00889565 /* EdgeTTSClient.swift in Sources */,
				864BF08E2EEBFE2A00F9179C /* PlaybackIntents.swift in Sources */,
				8603AC072EDAF98D00889565 /* FloatingBubbleWindowManager.swift in Sources */,
				8603AC082EDAF98D00889565 /* EpubParser.swift in Sources */,
				8603AC0E2EDB71EF00889565 /* CreateEbookCollectionView.swift in Sources */,
				8603AC092EDAF98D00889565 /* EdgeTTSView.swift in Sources */,
				8603AC0A2EDAF98D00889565 /* SonioxSTTView.swift in Sources */,
				6FC010032C5B0C0000AA00AA /* LibraryStore.swift in Sources */,
				6F99A0032C4C200000AA00AA /* BaiduNetdiskClient.swift in Sources */,
				868447192F02723700962FC4 /* RemoteJobsClient.swift in Sources */,
				6F6E7F712C4A9B0500AA00AA /* ContentView.swift in Sources */,
				8685F3692EBF3607003D8173 /* TranscriptionProgressOverlay.swift in Sources */,
				86FD8E012ED6E0AB002A2036 /* PersonalView.swift in Sources */,
				86FD8E022ED6E0AB002A2036 /* SmartView.swift in Sources */,
				864C259C2EFA900A005ECA64 /* ArchivedCollectionsView.swift in Sources */,
				8685F36A2EBF3607003D8173 /* TranscriptViewerSheet.swift in Sources */,
				8685F36B2EBF3607003D8173 /* TranscriptionRetryManager.swift in Sources */,
				8603AC0C2EDB648F00889565 /* EbookReaderView.swift in Sources */,
				8685F36C2EBF3607003D8173 /* TranscriptionJobManager.swift in Sources */,
				8685F36D2EBF3607003D8173 /* TranscriptViewModel.swift in Sources */,
				6F99A0012C4C200000AA00AA /* BaiduTokenStore.swift in Sources */,
				6F6E7F6F2C4A9B0500AA00AB /* BaiduOAuth.swift in Sources */,
				86E5CFF82ECEFBFD00CE62A1 /* AIGatewayReasoning.swift in Sources */,
				8603AC102EDC139B00889565 /* StorageManagementView.swift in Sources */,
				6FC010012C5B0C0000AA00AA /* LibraryModels.swift in Sources */,
				6F6E7F712C4A9B0500AA00AB /* BaiduAuthViewModel.swift in Sources */,
				86E5D0012ED054E200CE62A1 /* TTSJobsListView.swift in Sources */,
				8685F3632EBE204F003D8173 /* TemporaryPlaybackContext.swift in Sources */,
				6F6E7F732C4A9B0500AA00AA /* AudioPlayerViewModel.swift in Sources */,
				6FD0A0022C5B0C0000AA00AB /* AudioCacheManager.swift in Sources */,
				6FD0A0042C5B0C0000AA00AB /* CachedAudioAsset.swift in Sources */,
				6FC0101C2C5B0C0000AA00AA /* CloudKitLibrarySync.swift in Sources */,
				86FD8E072ED6F314002A2036 /* ListeningStatistic.swift in Sources */,
				86FD8E082ED6F314002A2036 /* ListeningStatisticsView.swift in Sources */,
			);
			runOnlyForDeploymentPostprocessing = 0;
		};
/* End PBXSourcesBuildPhase section */

/* Begin PBXVariantGroup section */
		6FC0200A2C5B0C0000AA00AA /* Localizable.strings */ = {
			isa = PBXVariantGroup;
			children = (
			);
			name = Localizable.strings;
			sourceTree = "<group>";
		};
		B1C5E09F2F12300000AAA001 /* InfoPlist.strings */ = {
			isa = PBXVariantGroup;
			children = (
				B1C5E0A02F12300000AAA001 /* en */,
				B1C5E0A12F12300000AAA001 /* zh-Hans */,
			);
			name = InfoPlist.strings;
			sourceTree = "<group>";
		};
/* End PBXVariantGroup section */

/* Begin XCBuildConfiguration section */
		6F6E7F852C4A9B0500AA00AA /* Debug */ = {
			isa = XCBuildConfiguration;
			baseConfigurationReference = 1DFF1CFD3E0AD5324953C09A /* Pods-AudiobookPlayer.debug.xcconfig */;
			buildSettings = {
				ASSETCATALOG_COMPILER_APPICON_NAME = AppIcon;
				ASSETCATALOG_COMPILER_GLOBAL_ACCENT_COLOR_NAME = AccentColor;
				CODE_SIGN_ENTITLEMENTS = AudiobookPlayer/AudiobookPlayer.entitlements;
				"CODE_SIGN_IDENTITY[sdk=*]" = "Apple Development";
				CODE_SIGN_STYLE = Automatic;
				CURRENT_PROJECT_VERSION = 1;
				DEVELOPMENT_ASSET_PATHS = "\"AudiobookPlayer/Preview Content\"";
				DEVELOPMENT_TEAM = 285P3M6846;
				ENABLE_PREVIEWS = YES;
				GENERATE_INFOPLIST_FILE = NO;
				INFOPLIST_FILE = AudiobookPlayer/Info.plist;
				INFOPLIST_KEY_CFBundleDisplayName = AudiobookPlayer;
				INFOPLIST_KEY_UIApplicationSceneManifest_Generation = YES;
				INFOPLIST_KEY_UIApplicationSupportsIndirectInputEvents = YES;
				INFOPLIST_KEY_UILaunchScreen_Generation = YES;
				INFOPLIST_KEY_UISupportedInterfaceOrientations_iPad = "UIInterfaceOrientationPortrait UIInterfaceOrientationPortraitUpsideDown UIInterfaceOrientationLandscapeLeft UIInterfaceOrientationLandscapeRight";
				INFOPLIST_KEY_UISupportedInterfaceOrientations_iPhone = "UIInterfaceOrientationPortrait UIInterfaceOrientationLandscapeLeft UIInterfaceOrientationLandscapeRight";
				IPHONEOS_DEPLOYMENT_TARGET = 17.6;
				LD_RUNPATH_SEARCH_PATHS = (
					"$(inherited)",
					"@executable_path/Frameworks",
				);
				MARKETING_VERSION = 0.2.6;
				PRODUCT_BUNDLE_IDENTIFIER = com.wdh.happyBear;
				PRODUCT_NAME = HappyBear;
				SUPPORTED_PLATFORMS = "iphoneos iphonesimulator";
				SUPPORTS_MACCATALYST = YES;
				SWIFT_EMIT_LOC_STRINGS = YES;
				SWIFT_VERSION = 5.0;
				TARGETED_DEVICE_FAMILY = "1,2";
			};
			name = Debug;
		};
		6F6E7F862C4A9B0500AA00AA /* Release */ = {
			isa = XCBuildConfiguration;
			baseConfigurationReference = FAE434E45A0CBC7F07373A25 /* Pods-AudiobookPlayer.release.xcconfig */;
			buildSettings = {
				ASSETCATALOG_COMPILER_APPICON_NAME = AppIcon;
				ASSETCATALOG_COMPILER_GLOBAL_ACCENT_COLOR_NAME = AccentColor;
				CODE_SIGN_ENTITLEMENTS = AudiobookPlayer/AudiobookPlayer.entitlements;
				"CODE_SIGN_IDENTITY[sdk=*]" = "Apple Development";
				CODE_SIGN_STYLE = Automatic;
				CURRENT_PROJECT_VERSION = 1;
				DEVELOPMENT_ASSET_PATHS = "\"AudiobookPlayer/Preview Content\"";
				DEVELOPMENT_TEAM = 285P3M6846;
				ENABLE_PREVIEWS = YES;
				GENERATE_INFOPLIST_FILE = NO;
				INFOPLIST_FILE = AudiobookPlayer/Info.plist;
				INFOPLIST_KEY_CFBundleDisplayName = AudiobookPlayer;
				INFOPLIST_KEY_UIApplicationSceneManifest_Generation = YES;
				INFOPLIST_KEY_UIApplicationSupportsIndirectInputEvents = YES;
				INFOPLIST_KEY_UILaunchScreen_Generation = YES;
				INFOPLIST_KEY_UISupportedInterfaceOrientations_iPad = "UIInterfaceOrientationPortrait UIInterfaceOrientationPortraitUpsideDown UIInterfaceOrientationLandscapeLeft UIInterfaceOrientationLandscapeRight";
				INFOPLIST_KEY_UISupportedInterfaceOrientations_iPhone = "UIInterfaceOrientationPortrait UIInterfaceOrientationLandscapeLeft UIInterfaceOrientationLandscapeRight";
				IPHONEOS_DEPLOYMENT_TARGET = 17.6;
				LD_RUNPATH_SEARCH_PATHS = (
					"$(inherited)",
					"@executable_path/Frameworks",
				);
				MARKETING_VERSION = 0.2.6;
				PRODUCT_BUNDLE_IDENTIFIER = com.wdh.happyBear;
				PRODUCT_NAME = HappyBear;
				SUPPORTED_PLATFORMS = "iphoneos iphonesimulator";
				SUPPORTS_MACCATALYST = YES;
				SWIFT_EMIT_LOC_STRINGS = YES;
				SWIFT_VERSION = 5.0;
				TARGETED_DEVICE_FAMILY = "1,2";
			};
			name = Release;
		};
		6F6E7F872C4A9B0500AA00AA /* Debug */ = {
			isa = XCBuildConfiguration;
			buildSettings = {
				ALWAYS_SEARCH_USER_PATHS = NO;
				CLANG_ANALYZER_NONNULL = YES;
				CLANG_ANALYZER_NUMBER_OBJECT_CONVERSION = YES_AGGRESSIVE;
				CLANG_CXX_LANGUAGE_STANDARD = "gnu++17";
				CLANG_ENABLE_MODULES = YES;
				CLANG_ENABLE_OBJC_ARC = YES;
				CLANG_WARN_BLOCK_CAPTURE_AUTORELEASING = YES;
				CLANG_WARN_BOOL_CONVERSION = YES;
				CLANG_WARN_COMMA = YES;
				CLANG_WARN_CONSTANT_CONVERSION = YES;
				CLANG_WARN_DEPRECATED_OBJC_IMPLEMENTATIONS = YES;
				CLANG_WARN_DIRECT_OBJC_ISA_USAGE = YES_ERROR;
				CLANG_WARN_DOCUMENTATION_COMMENTS = YES;
				CLANG_WARN_EMPTY_BODY = YES;
				CLANG_WARN_ENUM_CONVERSION = YES;
				CLANG_WARN_INFINITE_RECURSION = YES;
				CLANG_WARN_INT_CONVERSION = YES;
				CLANG_WARN_NON_LITERAL_NULL_CONVERSION = YES;
				CLANG_WARN_OBJC_IMPLICIT_RETAIN_SELF = YES;
				CLANG_WARN_OBJC_LITERAL_CONVERSION = YES;
				CLANG_WARN_QUOTED_INCLUDE_IN_FRAMEWORK_HEADER = YES;
				CLANG_WARN_RANGE_LOOP_ANALYSIS = YES;
				CLANG_WARN_STRICT_PROTOTYPES = YES;
				CLANG_WARN_SUSPICIOUS_MOVE = YES;
				CLANG_WARN_UNGUARDED_AVAILABILITY = YES_AGGRESSIVE;
				CLANG_WARN_UNREACHABLE_CODE = YES;
				CLANG_WARN__DUPLICATE_METHOD_MATCH = YES;
				"CODE_SIGN_IDENTITY[sdk=*]" = "Apple Development: 827500457@qq.com (55FGU37LWB)";
				"CODE_SIGN_STYLE[sdk=*]" = Automatic;
				COPY_PHASE_STRIP = NO;
				DEBUG_INFORMATION_FORMAT = dwarf;
				ENABLE_STRICT_OBJC_MSGSEND = YES;
				ENABLE_TESTABILITY = YES;
				GCC_C_LANGUAGE_STANDARD = gnu11;
				GCC_DYNAMIC_NO_PIC = NO;
				GCC_NO_COMMON_BLOCKS = YES;
				GCC_OPTIMIZATION_LEVEL = 0;
				GCC_PREPROCESSOR_DEFINITIONS = (
					"DEBUG=1",
					"$(inherited)",
				);
				GCC_WARN_64_TO_32_BIT_CONVERSION = YES;
				GCC_WARN_ABOUT_RETURN_TYPE = YES_ERROR;
				GCC_WARN_UNDECLARED_SELECTOR = YES;
				GCC_WARN_UNINITIALIZED_AUTOS = YES_AGGRESSIVE;
				GCC_WARN_UNUSED_FUNCTION = YES;
				GCC_WARN_UNUSED_VARIABLE = YES;
				IPHONEOS_DEPLOYMENT_TARGET = 26.0;
				MTL_ENABLE_DEBUG_INFO = INCLUDE_SOURCE;
				MTL_FAST_MATH = YES;
				ONLY_ACTIVE_ARCH = YES;
				SDKROOT = iphoneos;
				SWIFT_ACTIVE_COMPILATION_CONDITIONS = DEBUG;
				SWIFT_OPTIMIZATION_LEVEL = "-Onone";
				SWIFT_VERSION = 5.0;
			};
			name = Debug;
		};
		6F6E7F882C4A9B0500AA00AA /* Release */ = {
			isa = XCBuildConfiguration;
			buildSettings = {
				ALWAYS_SEARCH_USER_PATHS = NO;
				CLANG_ANALYZER_NONNULL = YES;
				CLANG_ANALYZER_NUMBER_OBJECT_CONVERSION = YES_AGGRESSIVE;
				CLANG_CXX_LANGUAGE_STANDARD = "gnu++17";
				CLANG_ENABLE_MODULES = YES;
				CLANG_ENABLE_OBJC_ARC = YES;
				CLANG_WARN_BLOCK_CAPTURE_AUTORELEASING = YES;
				CLANG_WARN_BOOL_CONVERSION = YES;
				CLANG_WARN_COMMA = YES;
				CLANG_WARN_CONSTANT_CONVERSION = YES;
				CLANG_WARN_DEPRECATED_OBJC_IMPLEMENTATIONS = YES;
				CLANG_WARN_DIRECT_OBJC_ISA_USAGE = YES_ERROR;
				CLANG_WARN_DOCUMENTATION_COMMENTS = YES;
				CLANG_WARN_EMPTY_BODY = YES;
				CLANG_WARN_ENUM_CONVERSION = YES;
				CLANG_WARN_INFINITE_RECURSION = YES;
				CLANG_WARN_INT_CONVERSION = YES;
				CLANG_WARN_NON_LITERAL_NULL_CONVERSION = YES;
				CLANG_WARN_OBJC_IMPLICIT_RETAIN_SELF = YES;
				CLANG_WARN_OBJC_LITERAL_CONVERSION = YES;
				CLANG_WARN_QUOTED_INCLUDE_IN_FRAMEWORK_HEADER = YES;
				CLANG_WARN_RANGE_LOOP_ANALYSIS = YES;
				CLANG_WARN_STRICT_PROTOTYPES = YES;
				CLANG_WARN_SUSPICIOUS_MOVE = YES;
				CLANG_WARN_UNGUARDED_AVAILABILITY = YES_AGGRESSIVE;
				CLANG_WARN_UNREACHABLE_CODE = YES;
				CLANG_WARN__DUPLICATE_METHOD_MATCH = YES;
				"CODE_SIGN_IDENTITY[sdk=*]" = "Apple Development: 827500457@qq.com (55FGU37LWB)";
				COPY_PHASE_STRIP = NO;
				DEBUG_INFORMATION_FORMAT = "dwarf-with-dsym";
				ENABLE_NS_ASSERTIONS = NO;
				ENABLE_STRICT_OBJC_MSGSEND = YES;
				GCC_C_LANGUAGE_STANDARD = gnu11;
				GCC_NO_COMMON_BLOCKS = YES;
				GCC_WARN_64_TO_32_BIT_CONVERSION = YES;
				GCC_WARN_ABOUT_RETURN_TYPE = YES_ERROR;
				GCC_WARN_UNDECLARED_SELECTOR = YES;
				GCC_WARN_UNINITIALIZED_AUTOS = YES_AGGRESSIVE;
				GCC_WARN_UNUSED_FUNCTION = YES;
				GCC_WARN_UNUSED_VARIABLE = YES;
				IPHONEOS_DEPLOYMENT_TARGET = 26.0;
				MTL_ENABLE_DEBUG_INFO = NO;
				MTL_FAST_MATH = YES;
				SDKROOT = iphoneos;
				SWIFT_COMPILATION_MODE = wholemodule;
				SWIFT_OPTIMIZATION_LEVEL = "-O";
				SWIFT_VERSION = 5.0;
				VALIDATE_PRODUCT = YES;
			};
			name = Release;
		};
/* End XCBuildConfiguration section */

/* Begin XCConfigurationList section */
		6F6E7F832C4A9B0500AA00AA /* Build configuration list for PBXProject "AudiobookPlayer" */ = {
			isa = XCConfigurationList;
			buildConfigurations = (
				6F6E7F872C4A9B0500AA00AA /* Debug */,
				6F6E7F882C4A9B0500AA00AA /* Release */,
			);
			defaultConfigurationIsVisible = 0;
			defaultConfigurationName = Release;
		};
		6F6E7F842C4A9B0500AA00AA /* Build configuration list for PBXNativeTarget "AudiobookPlayer" */ = {
			isa = XCConfigurationList;
			buildConfigurations = (
				6F6E7F852C4A9B0500AA00AA /* Debug */,
				6F6E7F862C4A9B0500AA00AA /* Release */,
			);
			defaultConfigurationIsVisible = 0;
			defaultConfigurationName = Release;
		};
/* End XCConfigurationList section */

/* Begin XCRemoteSwiftPackageReference section */
		8637370D2EBCF7120002CD46 /* XCRemoteSwiftPackageReference "GRDB.swift" */ = {
			isa = XCRemoteSwiftPackageReference;
			repositoryURL = "https://github.com/groue/GRDB.swift.git";
			requirement = {
				kind = upToNextMinorVersion;
				minimumVersion = 7.8.0;
			};
		};
		B6E1C0012F10B4B900C2ABF1 /* XCRemoteSwiftPackageReference "ZIPFoundation" */ = {
			isa = XCRemoteSwiftPackageReference;
			repositoryURL = "https://github.com/weichsel/ZIPFoundation.git";
			requirement = {
				kind = upToNextMinorVersion;
				minimumVersion = 0.9.18;
			};
		};
/* End XCRemoteSwiftPackageReference section */

/* Begin XCSwiftPackageProductDependency section */
		8637370E2EBCF7120002CD46 /* GRDB */ = {
			isa = XCSwiftPackageProductDependency;
			package = 8637370D2EBCF7120002CD46 /* XCRemoteSwiftPackageReference "GRDB.swift" */;
			productName = GRDB;
		};
		B6E1C0022F10B4B900C2ABF1 /* ZIPFoundation */ = {
			isa = XCSwiftPackageProductDependency;
			package = B6E1C0012F10B4B900C2ABF1 /* XCRemoteSwiftPackageReference "ZIPFoundation" */;
			productName = ZIPFoundation;
		};
/* End XCSwiftPackageProductDependency section */
	};
	rootObject = 6F6E7F652C4A9B0500AA00AA /* Project object */;
}
